
Microsoft Visual Studio Solution File, Format Version 12.00
# Visual Studio 2013
VisualStudioVersion = 12.0.30324.0
MinimumVisualStudioVersion = 10.0.40219.1
Project("{8BC9CEB8-8B4A-11D0-8D11-00A0C91BC942}") = "sort_big_datas", "sort_big_datas\sort_big_datas.vcxproj", "{437776C7-F1C7-4738-AFE1-C77D12731ED1}"
EndProject
Project("{8BC9CEB8-8B4A-11D0-8D11-00A0C91BC942}") = "str_match", "str_match\str_match.vcxproj", "{FA8A6600-CB5D-45EA-AAF1-2A12EEEB3EDD}"
EndProject
Project("{8BC9CEB8-8B4A-11D0-8D11-00A0C91BC942}") = "trim_continuous_space", "trim_continuous_space\trim_continuous_space.vcxproj", "{1348AC51-238D-4DB8-A9DA-9E3EF73EDD4D}"
EndProject
Project("{8BC9CEB8-8B4A-11D0-8D11-00A0C91BC942}") = "sort_words_by_frequencies", "sort_words_by_frequencies\sort_words_by_frequencies.vcxproj", "{26E74DAB-8C01-4744-BF92-69C4AA60CEEB}"
EndProject
Project("{8BC9CEB8-8B4A-11D0-8D11-00A0C91BC942}") = "select_nth", "select_nth\select_nth.vcxproj", "{8DA43D78-3C4A-46EA-A668-85647CBF2E71}"
EndProject
Project("{2150E333-8FDC-42A3-9474-1A3956D46DE8}") = "leetcode", "leetcode", "{6E2B00BA-D81E-498E-A917-C3EF2239441E}"
EndProject
Project("{8BC9CEB8-8B4A-11D0-8D11-00A0C91BC942}") = "PlusOne", "leetcode\PlusOne\PlusOne.vcxproj", "{B395C0A3-9A9C-4FEB-B626-D18C2F67729F}"
EndProject
Project("{8BC9CEB8-8B4A-11D0-8D11-00A0C91BC942}") = "MaximumSubarray", "leetcode\MaximumSubarray\MaximumSubarray.vcxproj", "{9DE40B75-8D72-4927-BECE-F5CD4E1109C0}"
EndProject
Project("{2150E333-8FDC-42A3-9474-1A3956D46DE8}") = "list", "list", "{DBC8BA7C-FD32-4CC9-9BE4-6D67CB755087}"
	ProjectSection(SolutionItems) = preProject
		leetcode\common\single_list.hpp = leetcode\common\single_list.hpp
	EndProjectSection
EndProject
Project("{8BC9CEB8-8B4A-11D0-8D11-00A0C91BC942}") = "SortList", "leetcode\SortList\SortList.vcxproj", "{CFB0C742-B278-4937-A9CF-9F09429F0F0A}"
EndProject
Project("{8BC9CEB8-8B4A-11D0-8D11-00A0C91BC942}") = "MergeTwoSortedLists", "leetcode\MergeTwoSortedLists\MergeTwoSortedLists.vcxproj", "{ECC50B4F-9C1D-4878-B090-BC4EA47EDDAF}"
EndProject
Project("{8BC9CEB8-8B4A-11D0-8D11-00A0C91BC942}") = "RemoveNthFromEnd", "leetcode\RemoveNthFromEnd\RemoveNthFromEnd.vcxproj", "{51170CBC-877C-4148-A535-0D3CFC647F85}"
EndProject
Project("{8BC9CEB8-8B4A-11D0-8D11-00A0C91BC942}") = "RotateList", "leetcode\RotateList\RotateList.vcxproj", "{5D150A1C-4429-4A1E-89DC-9DA666E76DCF}"
EndProject
Project("{8BC9CEB8-8B4A-11D0-8D11-00A0C91BC942}") = "RemoveDuplicatesfromSortedList", "leetcode\RemoveDuplicatesfromSortedList\RemoveDuplicatesfromSortedList.vcxproj", "{9879192C-8001-4755-971F-24084CFDBADD}"
EndProject
Project("{8BC9CEB8-8B4A-11D0-8D11-00A0C91BC942}") = "LinkedListCycle", "leetcode\LinkedListCycle\LinkedListCycle.vcxproj", "{7DDE5E43-B11F-4DC0-AE2D-7D72B283C9C3}"
EndProject
Project("{8BC9CEB8-8B4A-11D0-8D11-00A0C91BC942}") = "SwapNodesinPairs", "leetcode\SwapNodesinPairs\SwapNodesinPairs.vcxproj", "{ED9C35EF-6189-4847-AF8F-67D8123ACFF5}"
EndProject
Project("{8BC9CEB8-8B4A-11D0-8D11-00A0C91BC942}") = "AddTwoNumbers", "leetcode\AddTwoNumbers\AddTwoNumbers.vcxproj", "{A9DB3F79-519A-40A3-9EA8-2A0271C560EF}"
EndProject
Project("{8BC9CEB8-8B4A-11D0-8D11-00A0C91BC942}") = "ReorderList", "leetcode\ReorderList\ReorderList.vcxproj", "{83B51653-A82B-463C-8FB1-1A4DE55BD6B8}"
EndProject
Project("{8BC9CEB8-8B4A-11D0-8D11-00A0C91BC942}") = "ReverseLinkedList", "leetcode\ReverseLinkedList\ReverseLinkedList.vcxproj", "{032E02D8-0A53-44E5-A336-9AC4346D5087}"
EndProject
Project("{8BC9CEB8-8B4A-11D0-8D11-00A0C91BC942}") = "ReverseNodesInKGroup", "leetcode\ReverseNodesInKGroup\ReverseNodesInKGroup.vcxproj", "{77F6571F-FB55-415A-AB80-0778D8C6B9CD}"
EndProject
Project("{8BC9CEB8-8B4A-11D0-8D11-00A0C91BC942}") = "IntersectionofTwoLinkedLists", "leetcode\IntersectionofTwoLinkedLists\IntersectionofTwoLinkedLists.vcxproj", "{A9AA054E-BF94-493A-9008-916A1E5C4456}"
EndProject
Project("{2150E333-8FDC-42A3-9474-1A3956D46DE8}") = "array", "array", "{7AAF4B8E-42A1-4282-BF4D-997EA6B8EF1D}"
EndProject
Project("{8BC9CEB8-8B4A-11D0-8D11-00A0C91BC942}") = "RemoveDuplicates", "leetcode\RemoveDuplicates\RemoveDuplicates.vcxproj", "{6F0E6C1D-342F-440A-A50A-2A4E46854E37}"
EndProject
Project("{8BC9CEB8-8B4A-11D0-8D11-00A0C91BC942}") = "RemoveElement", "leetcode\RemoveElement\RemoveElement.vcxproj", "{3D43A531-83BF-4F46-83BE-9C477D47BEFE}"
EndProject
Project("{8BC9CEB8-8B4A-11D0-8D11-00A0C91BC942}") = "InsertionSortList", "leetcode\InsertionSortList\InsertionSortList.vcxproj", "{4078F59C-5F5D-4DE9-9186-3A3C59F0344D}"
EndProject
Project("{8BC9CEB8-8B4A-11D0-8D11-00A0C91BC942}") = "manyOfArraySort", "manyOfArraySort\manyOfArraySort.vcxproj", "{98D7C288-401D-4A3B-884C-9871CD723DC0}"
EndProject
Project("{8BC9CEB8-8B4A-11D0-8D11-00A0C91BC942}") = "PartitionList", "leetcode\PartitionList\PartitionList.vcxproj", "{F8CFF05F-BA7A-4D1B-A299-CE2BD2254260}"
EndProject
Project("{2150E333-8FDC-42A3-9474-1A3956D46DE8}") = "string", "string", "{980CE8D2-6569-4335-A207-E486A10194B5}"
EndProject
Project("{8BC9CEB8-8B4A-11D0-8D11-00A0C91BC942}") = "ValidPalindrome", "leetcode\ValidPalindrome\ValidPalindrome.vcxproj", "{E51BCA8C-67CB-45D0-8C14-4BBB7E14FA18}"
EndProject
Project("{8BC9CEB8-8B4A-11D0-8D11-00A0C91BC942}") = "MergeSortedArray", "leetcode\MergeSortedArray\MergeSortedArray.vcxproj", "{5A9C8651-57F4-4922-B79B-95D879653FB1}"
EndProject
Project("{8BC9CEB8-8B4A-11D0-8D11-00A0C91BC942}") = "AddBinary", "leetcode\AddBinary\AddBinary.vcxproj", "{3F0717F6-29B5-4AF4-9830-A91DD08080A8}"
EndProject
Project("{8BC9CEB8-8B4A-11D0-8D11-00A0C91BC942}") = "string_algo", "leetcode\string_algo\string_algo.vcxproj", "{9835AD7E-104E-4FBA-88FA-E00B38C7FF42}"
EndProject
Project("{2150E333-8FDC-42A3-9474-1A3956D46DE8}") = "dynamic-programming", "dynamic-programming", "{8280A4A0-FD79-483E-AC53-C49166F6B18C}"
EndProject
Project("{8BC9CEB8-8B4A-11D0-8D11-00A0C91BC942}") = "ClimbingStairs", "leetcode\ClimbingStairs\ClimbingStairs.vcxproj", "{C47FB05B-787B-4A6E-A086-FC2C774F3E66}"
EndProject
Project("{2150E333-8FDC-42A3-9474-1A3956D46DE8}") = "math", "math", "{DC74C97C-A8F9-463C-8701-1B3FE5D891CF}"
EndProject
Project("{8BC9CEB8-8B4A-11D0-8D11-00A0C91BC942}") = "ReverseInteger", "leetcode\ReverseInteger\ReverseInteger.vcxproj", "{049EA676-F4C7-49CA-8C9F-4CA8A4EAE0ED}"
EndProject
Project("{2150E333-8FDC-42A3-9474-1A3956D46DE8}") = "tree", "tree", "{7FA78816-8FF7-4CAE-85FF-1156D16BE0BC}"
	ProjectSection(SolutionItems) = preProject
		leetcode\common\binary_tree.hpp = leetcode\common\binary_tree.hpp
	EndProjectSection
EndProject
Project("{8BC9CEB8-8B4A-11D0-8D11-00A0C91BC942}") = "BinaryTreeInorderTraversal", "leetcode\BinaryTreeInorderTraversal\BinaryTreeInorderTraversal.vcxproj", "{6BAFC854-342A-4877-87C4-86CBD0E544AD}"
EndProject
Project("{8BC9CEB8-8B4A-11D0-8D11-00A0C91BC942}") = "BinaryTreePreorderTraversal", "leetcode\BinaryTreePreorderTraversal\BinaryTreePreorderTraversal.vcxproj", "{4DE650BD-2FBA-4343-8434-CD7C8DA7B496}"
EndProject
Project("{8BC9CEB8-8B4A-11D0-8D11-00A0C91BC942}") = "BinaryTreePostorderTraversal", "leetcode\BinaryTreePostorderTraversal\BinaryTreePostorderTraversal.vcxproj", "{C57205F2-E6CD-4894-A3EF-E903062133C4}"
EndProject
Project("{8BC9CEB8-8B4A-11D0-8D11-00A0C91BC942}") = "BinaryTreeLevelOrderTraversal", "leetcode\BinaryTreeLevelOrderTraversal\BinaryTreeLevelOrderTraversal.vcxproj", "{7A2603AE-0C2D-44D7-99D0-7D8C5F444B42}"
EndProject
Project("{8BC9CEB8-8B4A-11D0-8D11-00A0C91BC942}") = "SymmetricTreeOrSameTree", "leetcode\SymmetricTreeOrSameTree\SymmetricTreeOrSameTree.vcxproj", "{C57EC0F7-7CAD-4559-B38A-49C7D4FC2D4D}"
EndProject
Project("{2150E333-8FDC-42A3-9474-1A3956D46DE8}") = "stack", "stack", "{4FC75A9C-9BB0-485D-B448-8C21451A2873}"
EndProject
Project("{8BC9CEB8-8B4A-11D0-8D11-00A0C91BC942}") = "EvaluateReversePolishNotation", "leetcode\EvaluateReversePolishNotation\EvaluateReversePolishNotation.vcxproj", "{1888ECAF-10D8-45C4-84B4-3D934B5FFBD5}"
EndProject
Project("{8BC9CEB8-8B4A-11D0-8D11-00A0C91BC942}") = "ValidParentheses", "leetcode\ValidParentheses\ValidParentheses.vcxproj", "{48E636E1-DB52-4BDB-B3CC-21F642DD8D57}"
EndProject
Project("{8BC9CEB8-8B4A-11D0-8D11-00A0C91BC942}") = "MaxOrMinDepthofBinaryTree", "leetcode\MaxOrMinDepthofBinaryTree\MaxOrMinDepthofBinaryTree.vcxproj", "{8F8AE4F9-031D-4672-BFFD-CE9C6D67B03C}"
EndProject
Project("{8BC9CEB8-8B4A-11D0-8D11-00A0C91BC942}") = "ConvertSortedListtoBinarySearchTree", "leetcode\ConvertSortedListtoBinarySearchTree\ConvertSortedListtoBinarySearchTree.vcxproj", "{2E3422E9-72DD-4832-A3C1-5E6E8A7A3BF9}"
EndProject
Project("{8BC9CEB8-8B4A-11D0-8D11-00A0C91BC942}") = "PathSum", "leetcode\PathSum\PathSum.vcxproj", "{F30EF244-4786-47D7-AFAF-916470C5D6E1}"
EndProject
Project("{8BC9CEB8-8B4A-11D0-8D11-00A0C91BC942}") = "ConvertSortedArraytoBinarySearchTree", "leetcode\ConvertSortedArraytoBinarySearchTree\ConvertSortedArraytoBinarySearchTree.vcxproj", "{756D0AF9-5404-43C6-90A7-C72CE4705435}"
EndProject
Project("{8BC9CEB8-8B4A-11D0-8D11-00A0C91BC942}") = "ValidateBinarySearchTree", "leetcode\ValidateBinarySearchTree\ValidateBinarySearchTree.vcxproj", "{6955A712-AF7E-4566-88D4-5053F94CF6C2}"
EndProject
Project("{8BC9CEB8-8B4A-11D0-8D11-00A0C91BC942}") = "BalancedBinaryTree", "leetcode\BalancedBinaryTree\BalancedBinaryTree.vcxproj", "{C8C4EA21-0AEC-4045-A6CC-6C903154121F}"
EndProject
Project("{8BC9CEB8-8B4A-11D0-8D11-00A0C91BC942}") = "FlattenBinaryTreetoLinkedList", "leetcode\FlattenBinaryTreetoLinkedList\FlattenBinaryTreetoLinkedList.vcxproj", "{03A4054D-E25B-45E9-A516-ECC0AD27FD53}"
EndProject
Project("{8BC9CEB8-8B4A-11D0-8D11-00A0C91BC942}") = "BinaryTreeZigzagLevelOrderTraversal", "leetcode\BinaryTreeZigzagLevelOrderTraversal\BinaryTreeZigzagLevelOrderTraversal.vcxproj", "{568B1A6A-6269-4C5F-9E00-3E9521315AC0}"
EndProject
Project("{8BC9CEB8-8B4A-11D0-8D11-00A0C91BC942}") = "PopulatingNextRightPointersinEachNode", "leetcode\PopulatingNextRightPointersinEachNode\PopulatingNextRightPointersinEachNode.vcxproj", "{720B509A-B629-48AF-86C8-488060905846}"
EndProject
Project("{8BC9CEB8-8B4A-11D0-8D11-00A0C91BC942}") = "SumRoottoLeafNumbers", "leetcode\SumRoottoLeafNumbers\SumRoottoLeafNumbers.vcxproj", "{75DBB513-C9FD-4B51-A5D0-6F458EB76C04}"
EndProject
Project("{8BC9CEB8-8B4A-11D0-8D11-00A0C91BC942}") = "ImplementstrStr", "leetcode\ImplementstrStr\ImplementstrStr.vcxproj", "{E2300D32-F09A-4E14-87E6-2B027B688FE1}"
EndProject
Project("{8BC9CEB8-8B4A-11D0-8D11-00A0C91BC942}") = "StringtoInteger", "leetcode\StringtoInteger\StringtoInteger.vcxproj", "{B76B9324-4A8B-4D74-8843-ECD1D184A081}"
EndProject
Project("{8BC9CEB8-8B4A-11D0-8D11-00A0C91BC942}") = "CopyListwithRandomPointer", "leetcode\CopyListwithRandomPointer\CopyListwithRandomPointer.vcxproj", "{77BB8D71-5F17-4FDC-AABE-EBF2E75C5057}"
EndProject
Project("{8BC9CEB8-8B4A-11D0-8D11-00A0C91BC942}") = "BinaryTreeMaximumPathSum", "leetcode\BinaryTreeMaximumPathSum\BinaryTreeMaximumPathSum.vcxproj", "{031B99D7-960C-4B87-878F-96E5CF063C55}"
EndProject
Project("{8BC9CEB8-8B4A-11D0-8D11-00A0C91BC942}") = "ConstructBinaryTreefromPreorderandInorderTraversal", "leetcode\ConstructBinaryTreefromPreorderandInorderTraversal\ConstructBinaryTreefromPreorderandInorderTraversal.vcxproj", "{78D67FF3-DB6F-4B0C-B83B-715028C25674}"
EndProject
Project("{8BC9CEB8-8B4A-11D0-8D11-00A0C91BC942}") = "ConstructBinaryTreefromInorderandPostorderTraversal", "leetcode\ConstructBinaryTreefromInorderandPostorderTraversal\ConstructBinaryTreefromInorderandPostorderTraversal.vcxproj", "{F1F59D98-9260-4DE3-81F1-FDFA7298EA25}"
EndProject
Project("{8BC9CEB8-8B4A-11D0-8D11-00A0C91BC942}") = "DivideTwoIntegers", "leetcode\DivideTwoIntegers\DivideTwoIntegers.vcxproj", "{2F9D3B2C-669A-4D72-9200-C0050F44D200}"
EndProject
Project("{8BC9CEB8-8B4A-11D0-8D11-00A0C91BC942}") = "MergekSortedLists", "leetcode\MergekSortedLists\MergekSortedLists.vcxproj", "{E3E5349B-9865-4195-96E7-D4B62142A236}"
EndProject
Project("{8BC9CEB8-8B4A-11D0-8D11-00A0C91BC942}") = "LRUCache", "leetcode\LRUCache\LRUCache.vcxproj", "{D455D465-3D45-4891-9B5A-4619CD4B9F32}"
EndProject
Project("{8BC9CEB8-8B4A-11D0-8D11-00A0C91BC942}") = "SearchInsertPosition", "leetcode\SearchInsertPosition\SearchInsertPosition.vcxproj", "{6E54280C-F7F0-4BC7-8016-D5A2E1E756DD}"
EndProject
Project("{8BC9CEB8-8B4A-11D0-8D11-00A0C91BC942}") = "SearchforaRange", "leetcode\SearchforaRange\SearchforaRange.vcxproj", "{D96C1802-7FBC-41C1-8BE6-1CA5F086DFBF}"
EndProject
Project("{8BC9CEB8-8B4A-11D0-8D11-00A0C91BC942}") = "SqrtX", "leetcode\SqrtX\SqrtX.vcxproj", "{AA0BE573-FE6C-47E3-A72B-185C76D5C206}"
EndProject
Project("{8BC9CEB8-8B4A-11D0-8D11-00A0C91BC942}") = "ReverseWordsInAString", "leetcode\ReverseWordsInAString\ReverseWordsInAString.vcxproj", "{6FFE202F-C4A4-4B6D-898A-931149E2C79C}"
EndProject
Project("{8BC9CEB8-8B4A-11D0-8D11-00A0C91BC942}") = "SearchinRotatedSortedArray", "leetcode\SearchinRotatedSortedArray\SearchinRotatedSortedArray.vcxproj", "{CCA4D878-9D84-4D4A-9F8B-79CE9690211F}"
EndProject
Project("{8BC9CEB8-8B4A-11D0-8D11-00A0C91BC942}") = "PascalTriangle", "leetcode\PascalTriangle\PascalTriangle.vcxproj", "{0D0DE732-DBAF-4092-B7D6-E786F6BC8CF1}"
EndProject
Project("{8BC9CEB8-8B4A-11D0-8D11-00A0C91BC942}") = "CompareVersionNumbers", "leetcode\CompareVersionNumbers\CompareVersionNumbers.vcxproj", "{9F0FD926-8967-4719-90FF-828977263204}"
EndProject
Project("{8BC9CEB8-8B4A-11D0-8D11-00A0C91BC942}") = "countPrimes", "leetcode\countPrimes\countPrimes.vcxproj", "{C6F25B9C-9072-4618-A5FD-6FA42AFA2765}"
EndProject
Project("{8BC9CEB8-8B4A-11D0-8D11-00A0C91BC942}") = "HappyNumber", "leetcode\HappyNumber\HappyNumber.vcxproj", "{567DF62D-7D10-4C2A-98C5-B0CD68E75361}"
EndProject
Project("{8BC9CEB8-8B4A-11D0-8D11-00A0C91BC942}") = "RemoveLinkedListElements", "leetcode\RemoveLinkedListElements\RemoveLinkedListElements.vcxproj", "{06592162-536E-44D8-9C59-D416B753A3F5}"
EndProject
Project("{8BC9CEB8-8B4A-11D0-8D11-00A0C91BC942}") = "FindMinimuminRotatedSortedArray", "leetcode\FindMinimuminRotatedSortedArray\FindMinimuminRotatedSortedArray.vcxproj", "{0E877BEC-2C9F-4372-AD09-9B69598EA238}"
EndProject
Project("{8BC9CEB8-8B4A-11D0-8D11-00A0C91BC942}") = "RotetaArray", "leetcode\RotetaArray\RotetaArray.vcxproj", "{09061E6E-A384-467E-AA3A-1C167105276D}"
EndProject
Project("{2150E333-8FDC-42A3-9474-1A3956D46DE8}") = "bit", "bit", "{C4636BDC-D905-4554-8286-5F66633BC174}"
EndProject
Project("{8BC9CEB8-8B4A-11D0-8D11-00A0C91BC942}") = "Numberof1Bits", "leetcode\Numberof1Bits\Numberof1Bits.vcxproj", "{5368EF86-3406-4DC6-809A-CF7BF1E7375E}"
EndProject
Project("{8BC9CEB8-8B4A-11D0-8D11-00A0C91BC942}") = "SortColors", "leetcode\SortColors\SortColors.vcxproj", "{EF1E90B7-E358-4246-88F6-2F425B94696E}"
EndProject
Project("{8BC9CEB8-8B4A-11D0-8D11-00A0C91BC942}") = "SimplifyPath", "leetcode\SimplifyPath\SimplifyPath.vcxproj", "{EDF55354-428F-4AD9-94A3-AF54D53C22C6}"
EndProject
Global
	GlobalSection(SolutionConfigurationPlatforms) = preSolution
		Debug|Win32 = Debug|Win32
		Release|Win32 = Release|Win32
	EndGlobalSection
	GlobalSection(ProjectConfigurationPlatforms) = postSolution
		{437776C7-F1C7-4738-AFE1-C77D12731ED1}.Debug|Win32.ActiveCfg = Debug|Win32
		{437776C7-F1C7-4738-AFE1-C77D12731ED1}.Debug|Win32.Build.0 = Debug|Win32
		{437776C7-F1C7-4738-AFE1-C77D12731ED1}.Release|Win32.ActiveCfg = Release|Win32
		{437776C7-F1C7-4738-AFE1-C77D12731ED1}.Release|Win32.Build.0 = Release|Win32
		{FA8A6600-CB5D-45EA-AAF1-2A12EEEB3EDD}.Debug|Win32.ActiveCfg = Debug|Win32
		{FA8A6600-CB5D-45EA-AAF1-2A12EEEB3EDD}.Debug|Win32.Build.0 = Debug|Win32
		{FA8A6600-CB5D-45EA-AAF1-2A12EEEB3EDD}.Release|Win32.ActiveCfg = Release|Win32
		{FA8A6600-CB5D-45EA-AAF1-2A12EEEB3EDD}.Release|Win32.Build.0 = Release|Win32
		{1348AC51-238D-4DB8-A9DA-9E3EF73EDD4D}.Debug|Win32.ActiveCfg = Debug|Win32
		{1348AC51-238D-4DB8-A9DA-9E3EF73EDD4D}.Debug|Win32.Build.0 = Debug|Win32
		{1348AC51-238D-4DB8-A9DA-9E3EF73EDD4D}.Release|Win32.ActiveCfg = Release|Win32
		{1348AC51-238D-4DB8-A9DA-9E3EF73EDD4D}.Release|Win32.Build.0 = Release|Win32
		{26E74DAB-8C01-4744-BF92-69C4AA60CEEB}.Debug|Win32.ActiveCfg = Debug|Win32
		{26E74DAB-8C01-4744-BF92-69C4AA60CEEB}.Debug|Win32.Build.0 = Debug|Win32
		{26E74DAB-8C01-4744-BF92-69C4AA60CEEB}.Release|Win32.ActiveCfg = Release|Win32
		{26E74DAB-8C01-4744-BF92-69C4AA60CEEB}.Release|Win32.Build.0 = Release|Win32
		{8DA43D78-3C4A-46EA-A668-85647CBF2E71}.Debug|Win32.ActiveCfg = Debug|Win32
		{8DA43D78-3C4A-46EA-A668-85647CBF2E71}.Debug|Win32.Build.0 = Debug|Win32
		{8DA43D78-3C4A-46EA-A668-85647CBF2E71}.Release|Win32.ActiveCfg = Release|Win32
		{8DA43D78-3C4A-46EA-A668-85647CBF2E71}.Release|Win32.Build.0 = Release|Win32
		{B395C0A3-9A9C-4FEB-B626-D18C2F67729F}.Debug|Win32.ActiveCfg = Debug|Win32
		{B395C0A3-9A9C-4FEB-B626-D18C2F67729F}.Debug|Win32.Build.0 = Debug|Win32
		{B395C0A3-9A9C-4FEB-B626-D18C2F67729F}.Release|Win32.ActiveCfg = Release|Win32
		{B395C0A3-9A9C-4FEB-B626-D18C2F67729F}.Release|Win32.Build.0 = Release|Win32
		{9DE40B75-8D72-4927-BECE-F5CD4E1109C0}.Debug|Win32.ActiveCfg = Debug|Win32
		{9DE40B75-8D72-4927-BECE-F5CD4E1109C0}.Debug|Win32.Build.0 = Debug|Win32
		{9DE40B75-8D72-4927-BECE-F5CD4E1109C0}.Release|Win32.ActiveCfg = Release|Win32
		{9DE40B75-8D72-4927-BECE-F5CD4E1109C0}.Release|Win32.Build.0 = Release|Win32
		{CFB0C742-B278-4937-A9CF-9F09429F0F0A}.Debug|Win32.ActiveCfg = Debug|Win32
		{CFB0C742-B278-4937-A9CF-9F09429F0F0A}.Debug|Win32.Build.0 = Debug|Win32
		{CFB0C742-B278-4937-A9CF-9F09429F0F0A}.Release|Win32.ActiveCfg = Release|Win32
		{CFB0C742-B278-4937-A9CF-9F09429F0F0A}.Release|Win32.Build.0 = Release|Win32
		{ECC50B4F-9C1D-4878-B090-BC4EA47EDDAF}.Debug|Win32.ActiveCfg = Debug|Win32
		{ECC50B4F-9C1D-4878-B090-BC4EA47EDDAF}.Debug|Win32.Build.0 = Debug|Win32
		{ECC50B4F-9C1D-4878-B090-BC4EA47EDDAF}.Release|Win32.ActiveCfg = Release|Win32
		{ECC50B4F-9C1D-4878-B090-BC4EA47EDDAF}.Release|Win32.Build.0 = Release|Win32
		{51170CBC-877C-4148-A535-0D3CFC647F85}.Debug|Win32.ActiveCfg = Debug|Win32
		{51170CBC-877C-4148-A535-0D3CFC647F85}.Debug|Win32.Build.0 = Debug|Win32
		{51170CBC-877C-4148-A535-0D3CFC647F85}.Release|Win32.ActiveCfg = Release|Win32
		{51170CBC-877C-4148-A535-0D3CFC647F85}.Release|Win32.Build.0 = Release|Win32
		{5D150A1C-4429-4A1E-89DC-9DA666E76DCF}.Debug|Win32.ActiveCfg = Debug|Win32
		{5D150A1C-4429-4A1E-89DC-9DA666E76DCF}.Debug|Win32.Build.0 = Debug|Win32
		{5D150A1C-4429-4A1E-89DC-9DA666E76DCF}.Release|Win32.ActiveCfg = Release|Win32
		{5D150A1C-4429-4A1E-89DC-9DA666E76DCF}.Release|Win32.Build.0 = Release|Win32
		{9879192C-8001-4755-971F-24084CFDBADD}.Debug|Win32.ActiveCfg = Debug|Win32
		{9879192C-8001-4755-971F-24084CFDBADD}.Debug|Win32.Build.0 = Debug|Win32
		{9879192C-8001-4755-971F-24084CFDBADD}.Release|Win32.ActiveCfg = Release|Win32
		{9879192C-8001-4755-971F-24084CFDBADD}.Release|Win32.Build.0 = Release|Win32
		{7DDE5E43-B11F-4DC0-AE2D-7D72B283C9C3}.Debug|Win32.ActiveCfg = Debug|Win32
		{7DDE5E43-B11F-4DC0-AE2D-7D72B283C9C3}.Debug|Win32.Build.0 = Debug|Win32
		{7DDE5E43-B11F-4DC0-AE2D-7D72B283C9C3}.Release|Win32.ActiveCfg = Release|Win32
		{7DDE5E43-B11F-4DC0-AE2D-7D72B283C9C3}.Release|Win32.Build.0 = Release|Win32
		{ED9C35EF-6189-4847-AF8F-67D8123ACFF5}.Debug|Win32.ActiveCfg = Debug|Win32
		{ED9C35EF-6189-4847-AF8F-67D8123ACFF5}.Debug|Win32.Build.0 = Debug|Win32
		{ED9C35EF-6189-4847-AF8F-67D8123ACFF5}.Release|Win32.ActiveCfg = Release|Win32
		{ED9C35EF-6189-4847-AF8F-67D8123ACFF5}.Release|Win32.Build.0 = Release|Win32
		{A9DB3F79-519A-40A3-9EA8-2A0271C560EF}.Debug|Win32.ActiveCfg = Debug|Win32
		{A9DB3F79-519A-40A3-9EA8-2A0271C560EF}.Debug|Win32.Build.0 = Debug|Win32
		{A9DB3F79-519A-40A3-9EA8-2A0271C560EF}.Release|Win32.ActiveCfg = Release|Win32
		{A9DB3F79-519A-40A3-9EA8-2A0271C560EF}.Release|Win32.Build.0 = Release|Win32
		{83B51653-A82B-463C-8FB1-1A4DE55BD6B8}.Debug|Win32.ActiveCfg = Debug|Win32
		{83B51653-A82B-463C-8FB1-1A4DE55BD6B8}.Debug|Win32.Build.0 = Debug|Win32
		{83B51653-A82B-463C-8FB1-1A4DE55BD6B8}.Release|Win32.ActiveCfg = Release|Win32
		{83B51653-A82B-463C-8FB1-1A4DE55BD6B8}.Release|Win32.Build.0 = Release|Win32
		{032E02D8-0A53-44E5-A336-9AC4346D5087}.Debug|Win32.ActiveCfg = Debug|Win32
		{032E02D8-0A53-44E5-A336-9AC4346D5087}.Debug|Win32.Build.0 = Debug|Win32
		{032E02D8-0A53-44E5-A336-9AC4346D5087}.Release|Win32.ActiveCfg = Release|Win32
		{032E02D8-0A53-44E5-A336-9AC4346D5087}.Release|Win32.Build.0 = Release|Win32
		{77F6571F-FB55-415A-AB80-0778D8C6B9CD}.Debug|Win32.ActiveCfg = Debug|Win32
		{77F6571F-FB55-415A-AB80-0778D8C6B9CD}.Debug|Win32.Build.0 = Debug|Win32
		{77F6571F-FB55-415A-AB80-0778D8C6B9CD}.Release|Win32.ActiveCfg = Release|Win32
		{77F6571F-FB55-415A-AB80-0778D8C6B9CD}.Release|Win32.Build.0 = Release|Win32
		{A9AA054E-BF94-493A-9008-916A1E5C4456}.Debug|Win32.ActiveCfg = Debug|Win32
		{A9AA054E-BF94-493A-9008-916A1E5C4456}.Debug|Win32.Build.0 = Debug|Win32
		{A9AA054E-BF94-493A-9008-916A1E5C4456}.Release|Win32.ActiveCfg = Release|Win32
		{A9AA054E-BF94-493A-9008-916A1E5C4456}.Release|Win32.Build.0 = Release|Win32
		{6F0E6C1D-342F-440A-A50A-2A4E46854E37}.Debug|Win32.ActiveCfg = Debug|Win32
		{6F0E6C1D-342F-440A-A50A-2A4E46854E37}.Debug|Win32.Build.0 = Debug|Win32
		{6F0E6C1D-342F-440A-A50A-2A4E46854E37}.Release|Win32.ActiveCfg = Release|Win32
		{6F0E6C1D-342F-440A-A50A-2A4E46854E37}.Release|Win32.Build.0 = Release|Win32
		{3D43A531-83BF-4F46-83BE-9C477D47BEFE}.Debug|Win32.ActiveCfg = Debug|Win32
		{3D43A531-83BF-4F46-83BE-9C477D47BEFE}.Debug|Win32.Build.0 = Debug|Win32
		{3D43A531-83BF-4F46-83BE-9C477D47BEFE}.Release|Win32.ActiveCfg = Release|Win32
		{3D43A531-83BF-4F46-83BE-9C477D47BEFE}.Release|Win32.Build.0 = Release|Win32
		{4078F59C-5F5D-4DE9-9186-3A3C59F0344D}.Debug|Win32.ActiveCfg = Debug|Win32
		{4078F59C-5F5D-4DE9-9186-3A3C59F0344D}.Debug|Win32.Build.0 = Debug|Win32
		{4078F59C-5F5D-4DE9-9186-3A3C59F0344D}.Release|Win32.ActiveCfg = Release|Win32
		{4078F59C-5F5D-4DE9-9186-3A3C59F0344D}.Release|Win32.Build.0 = Release|Win32
		{98D7C288-401D-4A3B-884C-9871CD723DC0}.Debug|Win32.ActiveCfg = Debug|Win32
		{98D7C288-401D-4A3B-884C-9871CD723DC0}.Debug|Win32.Build.0 = Debug|Win32
		{98D7C288-401D-4A3B-884C-9871CD723DC0}.Release|Win32.ActiveCfg = Release|Win32
		{98D7C288-401D-4A3B-884C-9871CD723DC0}.Release|Win32.Build.0 = Release|Win32
		{F8CFF05F-BA7A-4D1B-A299-CE2BD2254260}.Debug|Win32.ActiveCfg = Debug|Win32
		{F8CFF05F-BA7A-4D1B-A299-CE2BD2254260}.Debug|Win32.Build.0 = Debug|Win32
		{F8CFF05F-BA7A-4D1B-A299-CE2BD2254260}.Release|Win32.ActiveCfg = Release|Win32
		{F8CFF05F-BA7A-4D1B-A299-CE2BD2254260}.Release|Win32.Build.0 = Release|Win32
		{E51BCA8C-67CB-45D0-8C14-4BBB7E14FA18}.Debug|Win32.ActiveCfg = Debug|Win32
		{E51BCA8C-67CB-45D0-8C14-4BBB7E14FA18}.Debug|Win32.Build.0 = Debug|Win32
		{E51BCA8C-67CB-45D0-8C14-4BBB7E14FA18}.Release|Win32.ActiveCfg = Release|Win32
		{E51BCA8C-67CB-45D0-8C14-4BBB7E14FA18}.Release|Win32.Build.0 = Release|Win32
		{5A9C8651-57F4-4922-B79B-95D879653FB1}.Debug|Win32.ActiveCfg = Debug|Win32
		{5A9C8651-57F4-4922-B79B-95D879653FB1}.Debug|Win32.Build.0 = Debug|Win32
		{5A9C8651-57F4-4922-B79B-95D879653FB1}.Release|Win32.ActiveCfg = Release|Win32
		{5A9C8651-57F4-4922-B79B-95D879653FB1}.Release|Win32.Build.0 = Release|Win32
		{3F0717F6-29B5-4AF4-9830-A91DD08080A8}.Debug|Win32.ActiveCfg = Debug|Win32
		{3F0717F6-29B5-4AF4-9830-A91DD08080A8}.Debug|Win32.Build.0 = Debug|Win32
		{3F0717F6-29B5-4AF4-9830-A91DD08080A8}.Release|Win32.ActiveCfg = Release|Win32
		{3F0717F6-29B5-4AF4-9830-A91DD08080A8}.Release|Win32.Build.0 = Release|Win32
		{9835AD7E-104E-4FBA-88FA-E00B38C7FF42}.Debug|Win32.ActiveCfg = Debug|Win32
		{9835AD7E-104E-4FBA-88FA-E00B38C7FF42}.Debug|Win32.Build.0 = Debug|Win32
		{9835AD7E-104E-4FBA-88FA-E00B38C7FF42}.Release|Win32.ActiveCfg = Release|Win32
		{9835AD7E-104E-4FBA-88FA-E00B38C7FF42}.Release|Win32.Build.0 = Release|Win32
		{C47FB05B-787B-4A6E-A086-FC2C774F3E66}.Debug|Win32.ActiveCfg = Debug|Win32
		{C47FB05B-787B-4A6E-A086-FC2C774F3E66}.Debug|Win32.Build.0 = Debug|Win32
		{C47FB05B-787B-4A6E-A086-FC2C774F3E66}.Release|Win32.ActiveCfg = Release|Win32
		{C47FB05B-787B-4A6E-A086-FC2C774F3E66}.Release|Win32.Build.0 = Release|Win32
		{049EA676-F4C7-49CA-8C9F-4CA8A4EAE0ED}.Debug|Win32.ActiveCfg = Debug|Win32
		{049EA676-F4C7-49CA-8C9F-4CA8A4EAE0ED}.Debug|Win32.Build.0 = Debug|Win32
		{049EA676-F4C7-49CA-8C9F-4CA8A4EAE0ED}.Release|Win32.ActiveCfg = Release|Win32
		{049EA676-F4C7-49CA-8C9F-4CA8A4EAE0ED}.Release|Win32.Build.0 = Release|Win32
		{6BAFC854-342A-4877-87C4-86CBD0E544AD}.Debug|Win32.ActiveCfg = Debug|Win32
		{6BAFC854-342A-4877-87C4-86CBD0E544AD}.Debug|Win32.Build.0 = Debug|Win32
		{6BAFC854-342A-4877-87C4-86CBD0E544AD}.Release|Win32.ActiveCfg = Release|Win32
		{6BAFC854-342A-4877-87C4-86CBD0E544AD}.Release|Win32.Build.0 = Release|Win32
		{4DE650BD-2FBA-4343-8434-CD7C8DA7B496}.Debug|Win32.ActiveCfg = Debug|Win32
		{4DE650BD-2FBA-4343-8434-CD7C8DA7B496}.Debug|Win32.Build.0 = Debug|Win32
		{4DE650BD-2FBA-4343-8434-CD7C8DA7B496}.Release|Win32.ActiveCfg = Release|Win32
		{4DE650BD-2FBA-4343-8434-CD7C8DA7B496}.Release|Win32.Build.0 = Release|Win32
		{C57205F2-E6CD-4894-A3EF-E903062133C4}.Debug|Win32.ActiveCfg = Debug|Win32
		{C57205F2-E6CD-4894-A3EF-E903062133C4}.Debug|Win32.Build.0 = Debug|Win32
		{C57205F2-E6CD-4894-A3EF-E903062133C4}.Release|Win32.ActiveCfg = Release|Win32
		{C57205F2-E6CD-4894-A3EF-E903062133C4}.Release|Win32.Build.0 = Release|Win32
		{7A2603AE-0C2D-44D7-99D0-7D8C5F444B42}.Debug|Win32.ActiveCfg = Debug|Win32
		{7A2603AE-0C2D-44D7-99D0-7D8C5F444B42}.Debug|Win32.Build.0 = Debug|Win32
		{7A2603AE-0C2D-44D7-99D0-7D8C5F444B42}.Release|Win32.ActiveCfg = Release|Win32
		{7A2603AE-0C2D-44D7-99D0-7D8C5F444B42}.Release|Win32.Build.0 = Release|Win32
		{C57EC0F7-7CAD-4559-B38A-49C7D4FC2D4D}.Debug|Win32.ActiveCfg = Debug|Win32
		{C57EC0F7-7CAD-4559-B38A-49C7D4FC2D4D}.Debug|Win32.Build.0 = Debug|Win32
		{C57EC0F7-7CAD-4559-B38A-49C7D4FC2D4D}.Release|Win32.ActiveCfg = Release|Win32
		{C57EC0F7-7CAD-4559-B38A-49C7D4FC2D4D}.Release|Win32.Build.0 = Release|Win32
		{1888ECAF-10D8-45C4-84B4-3D934B5FFBD5}.Debug|Win32.ActiveCfg = Debug|Win32
		{1888ECAF-10D8-45C4-84B4-3D934B5FFBD5}.Debug|Win32.Build.0 = Debug|Win32
		{1888ECAF-10D8-45C4-84B4-3D934B5FFBD5}.Release|Win32.ActiveCfg = Release|Win32
		{1888ECAF-10D8-45C4-84B4-3D934B5FFBD5}.Release|Win32.Build.0 = Release|Win32
		{48E636E1-DB52-4BDB-B3CC-21F642DD8D57}.Debug|Win32.ActiveCfg = Debug|Win32
		{48E636E1-DB52-4BDB-B3CC-21F642DD8D57}.Debug|Win32.Build.0 = Debug|Win32
		{48E636E1-DB52-4BDB-B3CC-21F642DD8D57}.Release|Win32.ActiveCfg = Release|Win32
		{48E636E1-DB52-4BDB-B3CC-21F642DD8D57}.Release|Win32.Build.0 = Release|Win32
		{8F8AE4F9-031D-4672-BFFD-CE9C6D67B03C}.Debug|Win32.ActiveCfg = Debug|Win32
		{8F8AE4F9-031D-4672-BFFD-CE9C6D67B03C}.Debug|Win32.Build.0 = Debug|Win32
		{8F8AE4F9-031D-4672-BFFD-CE9C6D67B03C}.Release|Win32.ActiveCfg = Release|Win32
		{8F8AE4F9-031D-4672-BFFD-CE9C6D67B03C}.Release|Win32.Build.0 = Release|Win32
		{2E3422E9-72DD-4832-A3C1-5E6E8A7A3BF9}.Debug|Win32.ActiveCfg = Debug|Win32
		{2E3422E9-72DD-4832-A3C1-5E6E8A7A3BF9}.Debug|Win32.Build.0 = Debug|Win32
		{2E3422E9-72DD-4832-A3C1-5E6E8A7A3BF9}.Release|Win32.ActiveCfg = Release|Win32
		{2E3422E9-72DD-4832-A3C1-5E6E8A7A3BF9}.Release|Win32.Build.0 = Release|Win32
		{F30EF244-4786-47D7-AFAF-916470C5D6E1}.Debug|Win32.ActiveCfg = Debug|Win32
		{F30EF244-4786-47D7-AFAF-916470C5D6E1}.Debug|Win32.Build.0 = Debug|Win32
		{F30EF244-4786-47D7-AFAF-916470C5D6E1}.Release|Win32.ActiveCfg = Release|Win32
		{F30EF244-4786-47D7-AFAF-916470C5D6E1}.Release|Win32.Build.0 = Release|Win32
		{756D0AF9-5404-43C6-90A7-C72CE4705435}.Debug|Win32.ActiveCfg = Debug|Win32
		{756D0AF9-5404-43C6-90A7-C72CE4705435}.Debug|Win32.Build.0 = Debug|Win32
		{756D0AF9-5404-43C6-90A7-C72CE4705435}.Release|Win32.ActiveCfg = Release|Win32
		{756D0AF9-5404-43C6-90A7-C72CE4705435}.Release|Win32.Build.0 = Release|Win32
		{6955A712-AF7E-4566-88D4-5053F94CF6C2}.Debug|Win32.ActiveCfg = Debug|Win32
		{6955A712-AF7E-4566-88D4-5053F94CF6C2}.Debug|Win32.Build.0 = Debug|Win32
		{6955A712-AF7E-4566-88D4-5053F94CF6C2}.Release|Win32.ActiveCfg = Release|Win32
		{6955A712-AF7E-4566-88D4-5053F94CF6C2}.Release|Win32.Build.0 = Release|Win32
		{C8C4EA21-0AEC-4045-A6CC-6C903154121F}.Debug|Win32.ActiveCfg = Debug|Win32
		{C8C4EA21-0AEC-4045-A6CC-6C903154121F}.Debug|Win32.Build.0 = Debug|Win32
		{C8C4EA21-0AEC-4045-A6CC-6C903154121F}.Release|Win32.ActiveCfg = Release|Win32
		{C8C4EA21-0AEC-4045-A6CC-6C903154121F}.Release|Win32.Build.0 = Release|Win32
		{03A4054D-E25B-45E9-A516-ECC0AD27FD53}.Debug|Win32.ActiveCfg = Debug|Win32
		{03A4054D-E25B-45E9-A516-ECC0AD27FD53}.Debug|Win32.Build.0 = Debug|Win32
		{03A4054D-E25B-45E9-A516-ECC0AD27FD53}.Release|Win32.ActiveCfg = Release|Win32
		{03A4054D-E25B-45E9-A516-ECC0AD27FD53}.Release|Win32.Build.0 = Release|Win32
		{568B1A6A-6269-4C5F-9E00-3E9521315AC0}.Debug|Win32.ActiveCfg = Debug|Win32
		{568B1A6A-6269-4C5F-9E00-3E9521315AC0}.Debug|Win32.Build.0 = Debug|Win32
		{568B1A6A-6269-4C5F-9E00-3E9521315AC0}.Release|Win32.ActiveCfg = Release|Win32
		{568B1A6A-6269-4C5F-9E00-3E9521315AC0}.Release|Win32.Build.0 = Release|Win32
		{720B509A-B629-48AF-86C8-488060905846}.Debug|Win32.ActiveCfg = Debug|Win32
		{720B509A-B629-48AF-86C8-488060905846}.Debug|Win32.Build.0 = Debug|Win32
		{720B509A-B629-48AF-86C8-488060905846}.Release|Win32.ActiveCfg = Release|Win32
		{720B509A-B629-48AF-86C8-488060905846}.Release|Win32.Build.0 = Release|Win32
		{75DBB513-C9FD-4B51-A5D0-6F458EB76C04}.Debug|Win32.ActiveCfg = Debug|Win32
		{75DBB513-C9FD-4B51-A5D0-6F458EB76C04}.Debug|Win32.Build.0 = Debug|Win32
		{75DBB513-C9FD-4B51-A5D0-6F458EB76C04}.Release|Win32.ActiveCfg = Release|Win32
		{75DBB513-C9FD-4B51-A5D0-6F458EB76C04}.Release|Win32.Build.0 = Release|Win32
		{E2300D32-F09A-4E14-87E6-2B027B688FE1}.Debug|Win32.ActiveCfg = Debug|Win32
		{E2300D32-F09A-4E14-87E6-2B027B688FE1}.Debug|Win32.Build.0 = Debug|Win32
		{E2300D32-F09A-4E14-87E6-2B027B688FE1}.Release|Win32.ActiveCfg = Release|Win32
		{E2300D32-F09A-4E14-87E6-2B027B688FE1}.Release|Win32.Build.0 = Release|Win32
		{B76B9324-4A8B-4D74-8843-ECD1D184A081}.Debug|Win32.ActiveCfg = Debug|Win32
		{B76B9324-4A8B-4D74-8843-ECD1D184A081}.Debug|Win32.Build.0 = Debug|Win32
		{B76B9324-4A8B-4D74-8843-ECD1D184A081}.Release|Win32.ActiveCfg = Release|Win32
		{B76B9324-4A8B-4D74-8843-ECD1D184A081}.Release|Win32.Build.0 = Release|Win32
		{77BB8D71-5F17-4FDC-AABE-EBF2E75C5057}.Debug|Win32.ActiveCfg = Debug|Win32
		{77BB8D71-5F17-4FDC-AABE-EBF2E75C5057}.Debug|Win32.Build.0 = Debug|Win32
		{77BB8D71-5F17-4FDC-AABE-EBF2E75C5057}.Release|Win32.ActiveCfg = Release|Win32
		{77BB8D71-5F17-4FDC-AABE-EBF2E75C5057}.Release|Win32.Build.0 = Release|Win32
		{031B99D7-960C-4B87-878F-96E5CF063C55}.Debug|Win32.ActiveCfg = Debug|Win32
		{031B99D7-960C-4B87-878F-96E5CF063C55}.Debug|Win32.Build.0 = Debug|Win32
		{031B99D7-960C-4B87-878F-96E5CF063C55}.Release|Win32.ActiveCfg = Release|Win32
		{031B99D7-960C-4B87-878F-96E5CF063C55}.Release|Win32.Build.0 = Release|Win32
		{78D67FF3-DB6F-4B0C-B83B-715028C25674}.Debug|Win32.ActiveCfg = Debug|Win32
		{78D67FF3-DB6F-4B0C-B83B-715028C25674}.Debug|Win32.Build.0 = Debug|Win32
		{78D67FF3-DB6F-4B0C-B83B-715028C25674}.Release|Win32.ActiveCfg = Release|Win32
		{78D67FF3-DB6F-4B0C-B83B-715028C25674}.Release|Win32.Build.0 = Release|Win32
		{F1F59D98-9260-4DE3-81F1-FDFA7298EA25}.Debug|Win32.ActiveCfg = Debug|Win32
		{F1F59D98-9260-4DE3-81F1-FDFA7298EA25}.Debug|Win32.Build.0 = Debug|Win32
		{F1F59D98-9260-4DE3-81F1-FDFA7298EA25}.Release|Win32.ActiveCfg = Release|Win32
		{F1F59D98-9260-4DE3-81F1-FDFA7298EA25}.Release|Win32.Build.0 = Release|Win32
		{2F9D3B2C-669A-4D72-9200-C0050F44D200}.Debug|Win32.ActiveCfg = Debug|Win32
		{2F9D3B2C-669A-4D72-9200-C0050F44D200}.Debug|Win32.Build.0 = Debug|Win32
		{2F9D3B2C-669A-4D72-9200-C0050F44D200}.Release|Win32.ActiveCfg = Release|Win32
		{2F9D3B2C-669A-4D72-9200-C0050F44D200}.Release|Win32.Build.0 = Release|Win32
		{E3E5349B-9865-4195-96E7-D4B62142A236}.Debug|Win32.ActiveCfg = Debug|Win32
		{E3E5349B-9865-4195-96E7-D4B62142A236}.Debug|Win32.Build.0 = Debug|Win32
		{E3E5349B-9865-4195-96E7-D4B62142A236}.Release|Win32.ActiveCfg = Release|Win32
		{E3E5349B-9865-4195-96E7-D4B62142A236}.Release|Win32.Build.0 = Release|Win32
		{D455D465-3D45-4891-9B5A-4619CD4B9F32}.Debug|Win32.ActiveCfg = Debug|Win32
		{D455D465-3D45-4891-9B5A-4619CD4B9F32}.Debug|Win32.Build.0 = Debug|Win32
		{D455D465-3D45-4891-9B5A-4619CD4B9F32}.Release|Win32.ActiveCfg = Release|Win32
		{D455D465-3D45-4891-9B5A-4619CD4B9F32}.Release|Win32.Build.0 = Release|Win32
		{6E54280C-F7F0-4BC7-8016-D5A2E1E756DD}.Debug|Win32.ActiveCfg = Debug|Win32
		{6E54280C-F7F0-4BC7-8016-D5A2E1E756DD}.Debug|Win32.Build.0 = Debug|Win32
		{6E54280C-F7F0-4BC7-8016-D5A2E1E756DD}.Release|Win32.ActiveCfg = Release|Win32
		{6E54280C-F7F0-4BC7-8016-D5A2E1E756DD}.Release|Win32.Build.0 = Release|Win32
		{D96C1802-7FBC-41C1-8BE6-1CA5F086DFBF}.Debug|Win32.ActiveCfg = Debug|Win32
		{D96C1802-7FBC-41C1-8BE6-1CA5F086DFBF}.Debug|Win32.Build.0 = Debug|Win32
		{D96C1802-7FBC-41C1-8BE6-1CA5F086DFBF}.Release|Win32.ActiveCfg = Release|Win32
		{D96C1802-7FBC-41C1-8BE6-1CA5F086DFBF}.Release|Win32.Build.0 = Release|Win32
		{AA0BE573-FE6C-47E3-A72B-185C76D5C206}.Debug|Win32.ActiveCfg = Debug|Win32
		{AA0BE573-FE6C-47E3-A72B-185C76D5C206}.Debug|Win32.Build.0 = Debug|Win32
		{AA0BE573-FE6C-47E3-A72B-185C76D5C206}.Release|Win32.ActiveCfg = Release|Win32
		{AA0BE573-FE6C-47E3-A72B-185C76D5C206}.Release|Win32.Build.0 = Release|Win32
		{6FFE202F-C4A4-4B6D-898A-931149E2C79C}.Debug|Win32.ActiveCfg = Debug|Win32
		{6FFE202F-C4A4-4B6D-898A-931149E2C79C}.Debug|Win32.Build.0 = Debug|Win32
		{6FFE202F-C4A4-4B6D-898A-931149E2C79C}.Release|Win32.ActiveCfg = Release|Win32
		{6FFE202F-C4A4-4B6D-898A-931149E2C79C}.Release|Win32.Build.0 = Release|Win32
		{CCA4D878-9D84-4D4A-9F8B-79CE9690211F}.Debug|Win32.ActiveCfg = Debug|Win32
		{CCA4D878-9D84-4D4A-9F8B-79CE9690211F}.Debug|Win32.Build.0 = Debug|Win32
		{CCA4D878-9D84-4D4A-9F8B-79CE9690211F}.Release|Win32.ActiveCfg = Release|Win32
		{CCA4D878-9D84-4D4A-9F8B-79CE9690211F}.Release|Win32.Build.0 = Release|Win32
		{0D0DE732-DBAF-4092-B7D6-E786F6BC8CF1}.Debug|Win32.ActiveCfg = Debug|Win32
		{0D0DE732-DBAF-4092-B7D6-E786F6BC8CF1}.Debug|Win32.Build.0 = Debug|Win32
		{0D0DE732-DBAF-4092-B7D6-E786F6BC8CF1}.Release|Win32.ActiveCfg = Release|Win32
		{0D0DE732-DBAF-4092-B7D6-E786F6BC8CF1}.Release|Win32.Build.0 = Release|Win32
		{9F0FD926-8967-4719-90FF-828977263204}.Debug|Win32.ActiveCfg = Debug|Win32
		{9F0FD926-8967-4719-90FF-828977263204}.Debug|Win32.Build.0 = Debug|Win32
		{9F0FD926-8967-4719-90FF-828977263204}.Release|Win32.ActiveCfg = Release|Win32
		{9F0FD926-8967-4719-90FF-828977263204}.Release|Win32.Build.0 = Release|Win32
		{C6F25B9C-9072-4618-A5FD-6FA42AFA2765}.Debug|Win32.ActiveCfg = Debug|Win32
		{C6F25B9C-9072-4618-A5FD-6FA42AFA2765}.Debug|Win32.Build.0 = Debug|Win32
		{C6F25B9C-9072-4618-A5FD-6FA42AFA2765}.Release|Win32.ActiveCfg = Release|Win32
		{C6F25B9C-9072-4618-A5FD-6FA42AFA2765}.Release|Win32.Build.0 = Release|Win32
		{567DF62D-7D10-4C2A-98C5-B0CD68E75361}.Debug|Win32.ActiveCfg = Debug|Win32
		{567DF62D-7D10-4C2A-98C5-B0CD68E75361}.Debug|Win32.Build.0 = Debug|Win32
		{567DF62D-7D10-4C2A-98C5-B0CD68E75361}.Release|Win32.ActiveCfg = Release|Win32
		{567DF62D-7D10-4C2A-98C5-B0CD68E75361}.Release|Win32.Build.0 = Release|Win32
		{06592162-536E-44D8-9C59-D416B753A3F5}.Debug|Win32.ActiveCfg = Debug|Win32
		{06592162-536E-44D8-9C59-D416B753A3F5}.Debug|Win32.Build.0 = Debug|Win32
		{06592162-536E-44D8-9C59-D416B753A3F5}.Release|Win32.ActiveCfg = Release|Win32
		{06592162-536E-44D8-9C59-D416B753A3F5}.Release|Win32.Build.0 = Release|Win32
		{0E877BEC-2C9F-4372-AD09-9B69598EA238}.Debug|Win32.ActiveCfg = Debug|Win32
		{0E877BEC-2C9F-4372-AD09-9B69598EA238}.Debug|Win32.Build.0 = Debug|Win32
		{0E877BEC-2C9F-4372-AD09-9B69598EA238}.Release|Win32.ActiveCfg = Release|Win32
		{0E877BEC-2C9F-4372-AD09-9B69598EA238}.Release|Win32.Build.0 = Release|Win32
		{09061E6E-A384-467E-AA3A-1C167105276D}.Debug|Win32.ActiveCfg = Debug|Win32
		{09061E6E-A384-467E-AA3A-1C167105276D}.Debug|Win32.Build.0 = Debug|Win32
		{09061E6E-A384-467E-AA3A-1C167105276D}.Release|Win32.ActiveCfg = Release|Win32
		{09061E6E-A384-467E-AA3A-1C167105276D}.Release|Win32.Build.0 = Release|Win32
		{5368EF86-3406-4DC6-809A-CF7BF1E7375E}.Debug|Win32.ActiveCfg = Debug|Win32
		{5368EF86-3406-4DC6-809A-CF7BF1E7375E}.Debug|Win32.Build.0 = Debug|Win32
		{5368EF86-3406-4DC6-809A-CF7BF1E7375E}.Release|Win32.ActiveCfg = Release|Win32
		{5368EF86-3406-4DC6-809A-CF7BF1E7375E}.Release|Win32.Build.0 = Release|Win32
		{EF1E90B7-E358-4246-88F6-2F425B94696E}.Debug|Win32.ActiveCfg = Debug|Win32
		{EF1E90B7-E358-4246-88F6-2F425B94696E}.Debug|Win32.Build.0 = Debug|Win32
		{EF1E90B7-E358-4246-88F6-2F425B94696E}.Release|Win32.ActiveCfg = Release|Win32
		{EF1E90B7-E358-4246-88F6-2F425B94696E}.Release|Win32.Build.0 = Release|Win32
		{EDF55354-428F-4AD9-94A3-AF54D53C22C6}.Debug|Win32.ActiveCfg = Debug|Win32
		{EDF55354-428F-4AD9-94A3-AF54D53C22C6}.Debug|Win32.Build.0 = Debug|Win32
		{EDF55354-428F-4AD9-94A3-AF54D53C22C6}.Release|Win32.ActiveCfg = Release|Win32
		{EDF55354-428F-4AD9-94A3-AF54D53C22C6}.Release|Win32.Build.0 = Release|Win32
	EndGlobalSection
	GlobalSection(SolutionProperties) = preSolution
		HideSolutionNode = FALSE
	EndGlobalSection
	GlobalSection(NestedProjects) = preSolution
		{B395C0A3-9A9C-4FEB-B626-D18C2F67729F} = {6E2B00BA-D81E-498E-A917-C3EF2239441E}
		{9DE40B75-8D72-4927-BECE-F5CD4E1109C0} = {6E2B00BA-D81E-498E-A917-C3EF2239441E}
		{DBC8BA7C-FD32-4CC9-9BE4-6D67CB755087} = {6E2B00BA-D81E-498E-A917-C3EF2239441E}
		{CFB0C742-B278-4937-A9CF-9F09429F0F0A} = {DBC8BA7C-FD32-4CC9-9BE4-6D67CB755087}
		{ECC50B4F-9C1D-4878-B090-BC4EA47EDDAF} = {DBC8BA7C-FD32-4CC9-9BE4-6D67CB755087}
		{51170CBC-877C-4148-A535-0D3CFC647F85} = {DBC8BA7C-FD32-4CC9-9BE4-6D67CB755087}
		{5D150A1C-4429-4A1E-89DC-9DA666E76DCF} = {DBC8BA7C-FD32-4CC9-9BE4-6D67CB755087}
		{9879192C-8001-4755-971F-24084CFDBADD} = {DBC8BA7C-FD32-4CC9-9BE4-6D67CB755087}
		{7DDE5E43-B11F-4DC0-AE2D-7D72B283C9C3} = {DBC8BA7C-FD32-4CC9-9BE4-6D67CB755087}
		{ED9C35EF-6189-4847-AF8F-67D8123ACFF5} = {DBC8BA7C-FD32-4CC9-9BE4-6D67CB755087}
		{A9DB3F79-519A-40A3-9EA8-2A0271C560EF} = {DBC8BA7C-FD32-4CC9-9BE4-6D67CB755087}
		{83B51653-A82B-463C-8FB1-1A4DE55BD6B8} = {DBC8BA7C-FD32-4CC9-9BE4-6D67CB755087}
		{032E02D8-0A53-44E5-A336-9AC4346D5087} = {DBC8BA7C-FD32-4CC9-9BE4-6D67CB755087}
		{77F6571F-FB55-415A-AB80-0778D8C6B9CD} = {DBC8BA7C-FD32-4CC9-9BE4-6D67CB755087}
		{A9AA054E-BF94-493A-9008-916A1E5C4456} = {DBC8BA7C-FD32-4CC9-9BE4-6D67CB755087}
		{7AAF4B8E-42A1-4282-BF4D-997EA6B8EF1D} = {6E2B00BA-D81E-498E-A917-C3EF2239441E}
		{6F0E6C1D-342F-440A-A50A-2A4E46854E37} = {7AAF4B8E-42A1-4282-BF4D-997EA6B8EF1D}
		{3D43A531-83BF-4F46-83BE-9C477D47BEFE} = {7AAF4B8E-42A1-4282-BF4D-997EA6B8EF1D}
		{4078F59C-5F5D-4DE9-9186-3A3C59F0344D} = {DBC8BA7C-FD32-4CC9-9BE4-6D67CB755087}
		{F8CFF05F-BA7A-4D1B-A299-CE2BD2254260} = {DBC8BA7C-FD32-4CC9-9BE4-6D67CB755087}
		{980CE8D2-6569-4335-A207-E486A10194B5} = {6E2B00BA-D81E-498E-A917-C3EF2239441E}
		{E51BCA8C-67CB-45D0-8C14-4BBB7E14FA18} = {980CE8D2-6569-4335-A207-E486A10194B5}
		{5A9C8651-57F4-4922-B79B-95D879653FB1} = {7AAF4B8E-42A1-4282-BF4D-997EA6B8EF1D}
		{3F0717F6-29B5-4AF4-9830-A91DD08080A8} = {980CE8D2-6569-4335-A207-E486A10194B5}
		{9835AD7E-104E-4FBA-88FA-E00B38C7FF42} = {980CE8D2-6569-4335-A207-E486A10194B5}
		{8280A4A0-FD79-483E-AC53-C49166F6B18C} = {6E2B00BA-D81E-498E-A917-C3EF2239441E}
		{C47FB05B-787B-4A6E-A086-FC2C774F3E66} = {8280A4A0-FD79-483E-AC53-C49166F6B18C}
		{DC74C97C-A8F9-463C-8701-1B3FE5D891CF} = {6E2B00BA-D81E-498E-A917-C3EF2239441E}
		{049EA676-F4C7-49CA-8C9F-4CA8A4EAE0ED} = {DC74C97C-A8F9-463C-8701-1B3FE5D891CF}
		{7FA78816-8FF7-4CAE-85FF-1156D16BE0BC} = {6E2B00BA-D81E-498E-A917-C3EF2239441E}
		{6BAFC854-342A-4877-87C4-86CBD0E544AD} = {7FA78816-8FF7-4CAE-85FF-1156D16BE0BC}
		{4DE650BD-2FBA-4343-8434-CD7C8DA7B496} = {7FA78816-8FF7-4CAE-85FF-1156D16BE0BC}
		{C57205F2-E6CD-4894-A3EF-E903062133C4} = {7FA78816-8FF7-4CAE-85FF-1156D16BE0BC}
		{7A2603AE-0C2D-44D7-99D0-7D8C5F444B42} = {7FA78816-8FF7-4CAE-85FF-1156D16BE0BC}
		{C57EC0F7-7CAD-4559-B38A-49C7D4FC2D4D} = {7FA78816-8FF7-4CAE-85FF-1156D16BE0BC}
		{4FC75A9C-9BB0-485D-B448-8C21451A2873} = {6E2B00BA-D81E-498E-A917-C3EF2239441E}
		{1888ECAF-10D8-45C4-84B4-3D934B5FFBD5} = {4FC75A9C-9BB0-485D-B448-8C21451A2873}
		{48E636E1-DB52-4BDB-B3CC-21F642DD8D57} = {4FC75A9C-9BB0-485D-B448-8C21451A2873}
		{8F8AE4F9-031D-4672-BFFD-CE9C6D67B03C} = {7FA78816-8FF7-4CAE-85FF-1156D16BE0BC}
		{2E3422E9-72DD-4832-A3C1-5E6E8A7A3BF9} = {7FA78816-8FF7-4CAE-85FF-1156D16BE0BC}
		{F30EF244-4786-47D7-AFAF-916470C5D6E1} = {7FA78816-8FF7-4CAE-85FF-1156D16BE0BC}
		{756D0AF9-5404-43C6-90A7-C72CE4705435} = {7FA78816-8FF7-4CAE-85FF-1156D16BE0BC}
		{6955A712-AF7E-4566-88D4-5053F94CF6C2} = {7FA78816-8FF7-4CAE-85FF-1156D16BE0BC}
		{C8C4EA21-0AEC-4045-A6CC-6C903154121F} = {7FA78816-8FF7-4CAE-85FF-1156D16BE0BC}
		{03A4054D-E25B-45E9-A516-ECC0AD27FD53} = {7FA78816-8FF7-4CAE-85FF-1156D16BE0BC}
		{568B1A6A-6269-4C5F-9E00-3E9521315AC0} = {7FA78816-8FF7-4CAE-85FF-1156D16BE0BC}
		{720B509A-B629-48AF-86C8-488060905846} = {7FA78816-8FF7-4CAE-85FF-1156D16BE0BC}
		{75DBB513-C9FD-4B51-A5D0-6F458EB76C04} = {7FA78816-8FF7-4CAE-85FF-1156D16BE0BC}
		{E2300D32-F09A-4E14-87E6-2B027B688FE1} = {980CE8D2-6569-4335-A207-E486A10194B5}
		{B76B9324-4A8B-4D74-8843-ECD1D184A081} = {980CE8D2-6569-4335-A207-E486A10194B5}
		{77BB8D71-5F17-4FDC-AABE-EBF2E75C5057} = {DBC8BA7C-FD32-4CC9-9BE4-6D67CB755087}
		{031B99D7-960C-4B87-878F-96E5CF063C55} = {7FA78816-8FF7-4CAE-85FF-1156D16BE0BC}
		{78D67FF3-DB6F-4B0C-B83B-715028C25674} = {7FA78816-8FF7-4CAE-85FF-1156D16BE0BC}
		{F1F59D98-9260-4DE3-81F1-FDFA7298EA25} = {7FA78816-8FF7-4CAE-85FF-1156D16BE0BC}
		{2F9D3B2C-669A-4D72-9200-C0050F44D200} = {DC74C97C-A8F9-463C-8701-1B3FE5D891CF}
		{E3E5349B-9865-4195-96E7-D4B62142A236} = {DBC8BA7C-FD32-4CC9-9BE4-6D67CB755087}
		{D455D465-3D45-4891-9B5A-4619CD4B9F32} = {6E2B00BA-D81E-498E-A917-C3EF2239441E}
		{6E54280C-F7F0-4BC7-8016-D5A2E1E756DD} = {7AAF4B8E-42A1-4282-BF4D-997EA6B8EF1D}
		{D96C1802-7FBC-41C1-8BE6-1CA5F086DFBF} = {7AAF4B8E-42A1-4282-BF4D-997EA6B8EF1D}
		{AA0BE573-FE6C-47E3-A72B-185C76D5C206} = {DC74C97C-A8F9-463C-8701-1B3FE5D891CF}
		{6FFE202F-C4A4-4B6D-898A-931149E2C79C} = {980CE8D2-6569-4335-A207-E486A10194B5}
		{CCA4D878-9D84-4D4A-9F8B-79CE9690211F} = {7AAF4B8E-42A1-4282-BF4D-997EA6B8EF1D}
		{0D0DE732-DBAF-4092-B7D6-E786F6BC8CF1} = {7AAF4B8E-42A1-4282-BF4D-997EA6B8EF1D}
		{9F0FD926-8967-4719-90FF-828977263204} = {980CE8D2-6569-4335-A207-E486A10194B5}
		{C6F25B9C-9072-4618-A5FD-6FA42AFA2765} = {DC74C97C-A8F9-463C-8701-1B3FE5D891CF}
		{567DF62D-7D10-4C2A-98C5-B0CD68E75361} = {DC74C97C-A8F9-463C-8701-1B3FE5D891CF}
		{06592162-536E-44D8-9C59-D416B753A3F5} = {DBC8BA7C-FD32-4CC9-9BE4-6D67CB755087}
		{0E877BEC-2C9F-4372-AD09-9B69598EA238} = {7AAF4B8E-42A1-4282-BF4D-997EA6B8EF1D}
		{09061E6E-A384-467E-AA3A-1C167105276D} = {7AAF4B8E-42A1-4282-BF4D-997EA6B8EF1D}
		{C4636BDC-D905-4554-8286-5F66633BC174} = {6E2B00BA-D81E-498E-A917-C3EF2239441E}
		{5368EF86-3406-4DC6-809A-CF7BF1E7375E} = {C4636BDC-D905-4554-8286-5F66633BC174}
		{EF1E90B7-E358-4246-88F6-2F425B94696E} = {7AAF4B8E-42A1-4282-BF4D-997EA6B8EF1D}
		{EDF55354-428F-4AD9-94A3-AF54D53C22C6} = {980CE8D2-6569-4335-A207-E486A10194B5}
	EndGlobalSection
EndGlobal
