
Microsoft Visual Studio Solution File, Format Version 11.00
# Visual Studio 2010
Project("{8BC9CEB8-8B4A-11D0-8D11-00A0C91BC942}") = "str_match", "str_match\str_match.vcxproj", "{FA8A6600-CB5D-45EA-AAF1-2A12EEEB3EDD}"
EndProject
Global
	GlobalSection(SolutionConfigurationPlatforms) = preSolution
		Debug|Win32 = Debug|Win32
		Release|Win32 = Release|Win32
	EndGlobalSection
	GlobalSection(ProjectConfigurationPlatforms) = postSolution
		{FA8A6600-CB5D-45EA-AAF1-2A12EEEB3EDD}.Debug|Win32.ActiveCfg = Debug|Win32
		{FA8A6600-CB5D-45EA-AAF1-2A12EEEB3EDD}.Debug|Win32.Build.0 = Debug|Win32
		{FA8A6600-CB5D-45EA-AAF1-2A12EEEB3EDD}.Release|Win32.ActiveCfg = Release|Win32
		{FA8A6600-CB5D-45EA-AAF1-2A12EEEB3EDD}.Release|Win32.Build.0 = Release|Win32
	EndGlobalSection
	GlobalSection(SolutionProperties) = preSolution
		HideSolutionNode = FALSE
	EndGlobalSection
EndGlobal
