
Microsoft Visual Studio Solution File, Format Version 12.00
# Visual Studio 2013
VisualStudioVersion = 12.0.30324.0
MinimumVisualStudioVersion = 10.0.40219.1
Project("{8BC9CEB8-8B4A-11D0-8D11-00A0C91BC942}") = "sort_big_datas", "sort_big_datas\sort_big_datas.vcxproj", "{437776C7-F1C7-4738-AFE1-C77D12731ED1}"
EndProject
Project("{8BC9CEB8-8B4A-11D0-8D11-00A0C91BC942}") = "str_match", "str_match\str_match.vcxproj", "{FA8A6600-CB5D-45EA-AAF1-2A12EEEB3EDD}"
EndProject
Project("{8BC9CEB8-8B4A-11D0-8D11-00A0C91BC942}") = "trim_continuous_space", "trim_continuous_space\trim_continuous_space.vcxproj", "{1348AC51-238D-4DB8-A9DA-9E3EF73EDD4D}"
EndProject
Project("{8BC9CEB8-8B4A-11D0-8D11-00A0C91BC942}") = "sort_words_by_frequencies", "sort_words_by_frequencies\sort_words_by_frequencies.vcxproj", "{26E74DAB-8C01-4744-BF92-69C4AA60CEEB}"
EndProject
Project("{8BC9CEB8-8B4A-11D0-8D11-00A0C91BC942}") = "select_nth", "select_nth\select_nth.vcxproj", "{8DA43D78-3C4A-46EA-A668-85647CBF2E71}"
EndProject
Project("{2150E333-8FDC-42A3-9474-1A3956D46DE8}") = "leetcode", "leetcode", "{6E2B00BA-D81E-498E-A917-C3EF2239441E}"
EndProject
Project("{8BC9CEB8-8B4A-11D0-8D11-00A0C91BC942}") = "PlusOne", "leetcode\PlusOne\PlusOne.vcxproj", "{B395C0A3-9A9C-4FEB-B626-D18C2F67729F}"
EndProject
Project("{8BC9CEB8-8B4A-11D0-8D11-00A0C91BC942}") = "MaximumSubarray", "leetcode\MaximumSubarray\MaximumSubarray.vcxproj", "{9DE40B75-8D72-4927-BECE-F5CD4E1109C0}"
EndProject
Project("{2150E333-8FDC-42A3-9474-1A3956D46DE8}") = "list", "list", "{DBC8BA7C-FD32-4CC9-9BE4-6D67CB755087}"
	ProjectSection(SolutionItems) = preProject
		leetcode\common\single_list.hpp = leetcode\common\single_list.hpp
	EndProjectSection
EndProject
Project("{8BC9CEB8-8B4A-11D0-8D11-00A0C91BC942}") = "SortList", "leetcode\SortList\SortList.vcxproj", "{CFB0C742-B278-4937-A9CF-9F09429F0F0A}"
EndProject
Project("{8BC9CEB8-8B4A-11D0-8D11-00A0C91BC942}") = "MergeTwoSortedLists", "leetcode\MergeTwoSortedLists\MergeTwoSortedLists.vcxproj", "{ECC50B4F-9C1D-4878-B090-BC4EA47EDDAF}"
EndProject
Project("{8BC9CEB8-8B4A-11D0-8D11-00A0C91BC942}") = "RemoveNthFromEnd", "leetcode\RemoveNthFromEnd\RemoveNthFromEnd.vcxproj", "{51170CBC-877C-4148-A535-0D3CFC647F85}"
EndProject
Project("{8BC9CEB8-8B4A-11D0-8D11-00A0C91BC942}") = "RotateList", "leetcode\RotateList\RotateList.vcxproj", "{5D150A1C-4429-4A1E-89DC-9DA666E76DCF}"
EndProject
Project("{8BC9CEB8-8B4A-11D0-8D11-00A0C91BC942}") = "RemoveDuplicatesfromSortedList", "leetcode\RemoveDuplicatesfromSortedList\RemoveDuplicatesfromSortedList.vcxproj", "{9879192C-8001-4755-971F-24084CFDBADD}"
EndProject
Project("{8BC9CEB8-8B4A-11D0-8D11-00A0C91BC942}") = "LinkedListCycle", "leetcode\LinkedListCycle\LinkedListCycle.vcxproj", "{7DDE5E43-B11F-4DC0-AE2D-7D72B283C9C3}"
EndProject
Project("{8BC9CEB8-8B4A-11D0-8D11-00A0C91BC942}") = "SwapNodesinPairs", "leetcode\SwapNodesinPairs\SwapNodesinPairs.vcxproj", "{ED9C35EF-6189-4847-AF8F-67D8123ACFF5}"
EndProject
Project("{8BC9CEB8-8B4A-11D0-8D11-00A0C91BC942}") = "AddTwoNumbers", "leetcode\AddTwoNumbers\AddTwoNumbers.vcxproj", "{A9DB3F79-519A-40A3-9EA8-2A0271C560EF}"
EndProject
Project("{8BC9CEB8-8B4A-11D0-8D11-00A0C91BC942}") = "ReorderList", "leetcode\ReorderList\ReorderList.vcxproj", "{83B51653-A82B-463C-8FB1-1A4DE55BD6B8}"
EndProject
Project("{8BC9CEB8-8B4A-11D0-8D11-00A0C91BC942}") = "ReverseLinkedList", "leetcode\ReverseLinkedList\ReverseLinkedList.vcxproj", "{032E02D8-0A53-44E5-A336-9AC4346D5087}"
EndProject
Project("{8BC9CEB8-8B4A-11D0-8D11-00A0C91BC942}") = "ReverseNodesInKGroup", "leetcode\ReverseNodesInKGroup\ReverseNodesInKGroup.vcxproj", "{77F6571F-FB55-415A-AB80-0778D8C6B9CD}"
EndProject
Project("{8BC9CEB8-8B4A-11D0-8D11-00A0C91BC942}") = "IntersectionofTwoLinkedLists", "leetcode\IntersectionofTwoLinkedLists\IntersectionofTwoLinkedLists.vcxproj", "{A9AA054E-BF94-493A-9008-916A1E5C4456}"
EndProject
Project("{2150E333-8FDC-42A3-9474-1A3956D46DE8}") = "array", "array", "{7AAF4B8E-42A1-4282-BF4D-997EA6B8EF1D}"
EndProject
Project("{8BC9CEB8-8B4A-11D0-8D11-00A0C91BC942}") = "RemoveDuplicates", "leetcode\RemoveDuplicates\RemoveDuplicates.vcxproj", "{6F0E6C1D-342F-440A-A50A-2A4E46854E37}"
EndProject
Project("{8BC9CEB8-8B4A-11D0-8D11-00A0C91BC942}") = "RemoveElement", "leetcode\RemoveElement\RemoveElement.vcxproj", "{3D43A531-83BF-4F46-83BE-9C477D47BEFE}"
EndProject
Project("{8BC9CEB8-8B4A-11D0-8D11-00A0C91BC942}") = "InsertionSortList", "leetcode\InsertionSortList\InsertionSortList.vcxproj", "{4078F59C-5F5D-4DE9-9186-3A3C59F0344D}"
EndProject
Project("{8BC9CEB8-8B4A-11D0-8D11-00A0C91BC942}") = "manyOfArraySort", "manyOfArraySort\manyOfArraySort.vcxproj", "{98D7C288-401D-4A3B-884C-9871CD723DC0}"
EndProject
Project("{8BC9CEB8-8B4A-11D0-8D11-00A0C91BC942}") = "PartitionList", "leetcode\PartitionList\PartitionList.vcxproj", "{F8CFF05F-BA7A-4D1B-A299-CE2BD2254260}"
EndProject
Project("{2150E333-8FDC-42A3-9474-1A3956D46DE8}") = "string", "string", "{980CE8D2-6569-4335-A207-E486A10194B5}"
EndProject
Project("{8BC9CEB8-8B4A-11D0-8D11-00A0C91BC942}") = "ValidPalindrome", "leetcode\ValidPalindrome\ValidPalindrome.vcxproj", "{E51BCA8C-67CB-45D0-8C14-4BBB7E14FA18}"
EndProject
Project("{8BC9CEB8-8B4A-11D0-8D11-00A0C91BC942}") = "MergeSortedArray", "leetcode\MergeSortedArray\MergeSortedArray.vcxproj", "{5A9C8651-57F4-4922-B79B-95D879653FB1}"
EndProject
Project("{8BC9CEB8-8B4A-11D0-8D11-00A0C91BC942}") = "AddBinary", "leetcode\AddBinary\AddBinary.vcxproj", "{3F0717F6-29B5-4AF4-9830-A91DD08080A8}"
EndProject
Project("{8BC9CEB8-8B4A-11D0-8D11-00A0C91BC942}") = "string_algo", "leetcode\string_algo\string_algo.vcxproj", "{9835AD7E-104E-4FBA-88FA-E00B38C7FF42}"
EndProject
Project("{2150E333-8FDC-42A3-9474-1A3956D46DE8}") = "dynamic-programming", "dynamic-programming", "{8280A4A0-FD79-483E-AC53-C49166F6B18C}"
EndProject
Project("{8BC9CEB8-8B4A-11D0-8D11-00A0C91BC942}") = "ClimbingStairs", "leetcode\ClimbingStairs\ClimbingStairs.vcxproj", "{C47FB05B-787B-4A6E-A086-FC2C774F3E66}"
EndProject
Project("{2150E333-8FDC-42A3-9474-1A3956D46DE8}") = "math", "math", "{DC74C97C-A8F9-463C-8701-1B3FE5D891CF}"
EndProject
Project("{8BC9CEB8-8B4A-11D0-8D11-00A0C91BC942}") = "ReverseInteger", "leetcode\ReverseInteger\ReverseInteger.vcxproj", "{049EA676-F4C7-49CA-8C9F-4CA8A4EAE0ED}"
EndProject
Project("{2150E333-8FDC-42A3-9474-1A3956D46DE8}") = "tree", "tree", "{7FA78816-8FF7-4CAE-85FF-1156D16BE0BC}"
EndProject
Project("{8BC9CEB8-8B4A-11D0-8D11-00A0C91BC942}") = "BinaryTreeInorderTraversal", "leetcode\BinaryTreeInorderTraversal\BinaryTreeInorderTraversal.vcxproj", "{6BAFC854-342A-4877-87C4-86CBD0E544AD}"
EndProject
Global
	GlobalSection(SolutionConfigurationPlatforms) = preSolution
		Debug|Win32 = Debug|Win32
		Release|Win32 = Release|Win32
	EndGlobalSection
	GlobalSection(ProjectConfigurationPlatforms) = postSolution
		{437776C7-F1C7-4738-AFE1-C77D12731ED1}.Debug|Win32.ActiveCfg = Debug|Win32
		{437776C7-F1C7-4738-AFE1-C77D12731ED1}.Debug|Win32.Build.0 = Debug|Win32
		{437776C7-F1C7-4738-AFE1-C77D12731ED1}.Release|Win32.ActiveCfg = Release|Win32
		{437776C7-F1C7-4738-AFE1-C77D12731ED1}.Release|Win32.Build.0 = Release|Win32
		{FA8A6600-CB5D-45EA-AAF1-2A12EEEB3EDD}.Debug|Win32.ActiveCfg = Debug|Win32
		{FA8A6600-CB5D-45EA-AAF1-2A12EEEB3EDD}.Debug|Win32.Build.0 = Debug|Win32
		{FA8A6600-CB5D-45EA-AAF1-2A12EEEB3EDD}.Release|Win32.ActiveCfg = Release|Win32
		{FA8A6600-CB5D-45EA-AAF1-2A12EEEB3EDD}.Release|Win32.Build.0 = Release|Win32
		{1348AC51-238D-4DB8-A9DA-9E3EF73EDD4D}.Debug|Win32.ActiveCfg = Debug|Win32
		{1348AC51-238D-4DB8-A9DA-9E3EF73EDD4D}.Debug|Win32.Build.0 = Debug|Win32
		{1348AC51-238D-4DB8-A9DA-9E3EF73EDD4D}.Release|Win32.ActiveCfg = Release|Win32
		{1348AC51-238D-4DB8-A9DA-9E3EF73EDD4D}.Release|Win32.Build.0 = Release|Win32
		{26E74DAB-8C01-4744-BF92-69C4AA60CEEB}.Debug|Win32.ActiveCfg = Debug|Win32
		{26E74DAB-8C01-4744-BF92-69C4AA60CEEB}.Debug|Win32.Build.0 = Debug|Win32
		{26E74DAB-8C01-4744-BF92-69C4AA60CEEB}.Release|Win32.ActiveCfg = Release|Win32
		{26E74DAB-8C01-4744-BF92-69C4AA60CEEB}.Release|Win32.Build.0 = Release|Win32
		{8DA43D78-3C4A-46EA-A668-85647CBF2E71}.Debug|Win32.ActiveCfg = Debug|Win32
		{8DA43D78-3C4A-46EA-A668-85647CBF2E71}.Debug|Win32.Build.0 = Debug|Win32
		{8DA43D78-3C4A-46EA-A668-85647CBF2E71}.Release|Win32.ActiveCfg = Release|Win32
		{8DA43D78-3C4A-46EA-A668-85647CBF2E71}.Release|Win32.Build.0 = Release|Win32
		{B395C0A3-9A9C-4FEB-B626-D18C2F67729F}.Debug|Win32.ActiveCfg = Debug|Win32
		{B395C0A3-9A9C-4FEB-B626-D18C2F67729F}.Debug|Win32.Build.0 = Debug|Win32
		{B395C0A3-9A9C-4FEB-B626-D18C2F67729F}.Release|Win32.ActiveCfg = Release|Win32
		{B395C0A3-9A9C-4FEB-B626-D18C2F67729F}.Release|Win32.Build.0 = Release|Win32
		{9DE40B75-8D72-4927-BECE-F5CD4E1109C0}.Debug|Win32.ActiveCfg = Debug|Win32
		{9DE40B75-8D72-4927-BECE-F5CD4E1109C0}.Debug|Win32.Build.0 = Debug|Win32
		{9DE40B75-8D72-4927-BECE-F5CD4E1109C0}.Release|Win32.ActiveCfg = Release|Win32
		{9DE40B75-8D72-4927-BECE-F5CD4E1109C0}.Release|Win32.Build.0 = Release|Win32
		{CFB0C742-B278-4937-A9CF-9F09429F0F0A}.Debug|Win32.ActiveCfg = Debug|Win32
		{CFB0C742-B278-4937-A9CF-9F09429F0F0A}.Debug|Win32.Build.0 = Debug|Win32
		{CFB0C742-B278-4937-A9CF-9F09429F0F0A}.Release|Win32.ActiveCfg = Release|Win32
		{CFB0C742-B278-4937-A9CF-9F09429F0F0A}.Release|Win32.Build.0 = Release|Win32
		{ECC50B4F-9C1D-4878-B090-BC4EA47EDDAF}.Debug|Win32.ActiveCfg = Debug|Win32
		{ECC50B4F-9C1D-4878-B090-BC4EA47EDDAF}.Debug|Win32.Build.0 = Debug|Win32
		{ECC50B4F-9C1D-4878-B090-BC4EA47EDDAF}.Release|Win32.ActiveCfg = Release|Win32
		{ECC50B4F-9C1D-4878-B090-BC4EA47EDDAF}.Release|Win32.Build.0 = Release|Win32
		{51170CBC-877C-4148-A535-0D3CFC647F85}.Debug|Win32.ActiveCfg = Debug|Win32
		{51170CBC-877C-4148-A535-0D3CFC647F85}.Debug|Win32.Build.0 = Debug|Win32
		{51170CBC-877C-4148-A535-0D3CFC647F85}.Release|Win32.ActiveCfg = Release|Win32
		{51170CBC-877C-4148-A535-0D3CFC647F85}.Release|Win32.Build.0 = Release|Win32
		{5D150A1C-4429-4A1E-89DC-9DA666E76DCF}.Debug|Win32.ActiveCfg = Debug|Win32
		{5D150A1C-4429-4A1E-89DC-9DA666E76DCF}.Debug|Win32.Build.0 = Debug|Win32
		{5D150A1C-4429-4A1E-89DC-9DA666E76DCF}.Release|Win32.ActiveCfg = Release|Win32
		{5D150A1C-4429-4A1E-89DC-9DA666E76DCF}.Release|Win32.Build.0 = Release|Win32
		{9879192C-8001-4755-971F-24084CFDBADD}.Debug|Win32.ActiveCfg = Debug|Win32
		{9879192C-8001-4755-971F-24084CFDBADD}.Debug|Win32.Build.0 = Debug|Win32
		{9879192C-8001-4755-971F-24084CFDBADD}.Release|Win32.ActiveCfg = Release|Win32
		{9879192C-8001-4755-971F-24084CFDBADD}.Release|Win32.Build.0 = Release|Win32
		{7DDE5E43-B11F-4DC0-AE2D-7D72B283C9C3}.Debug|Win32.ActiveCfg = Debug|Win32
		{7DDE5E43-B11F-4DC0-AE2D-7D72B283C9C3}.Debug|Win32.Build.0 = Debug|Win32
		{7DDE5E43-B11F-4DC0-AE2D-7D72B283C9C3}.Release|Win32.ActiveCfg = Release|Win32
		{7DDE5E43-B11F-4DC0-AE2D-7D72B283C9C3}.Release|Win32.Build.0 = Release|Win32
		{ED9C35EF-6189-4847-AF8F-67D8123ACFF5}.Debug|Win32.ActiveCfg = Debug|Win32
		{ED9C35EF-6189-4847-AF8F-67D8123ACFF5}.Debug|Win32.Build.0 = Debug|Win32
		{ED9C35EF-6189-4847-AF8F-67D8123ACFF5}.Release|Win32.ActiveCfg = Release|Win32
		{ED9C35EF-6189-4847-AF8F-67D8123ACFF5}.Release|Win32.Build.0 = Release|Win32
		{A9DB3F79-519A-40A3-9EA8-2A0271C560EF}.Debug|Win32.ActiveCfg = Debug|Win32
		{A9DB3F79-519A-40A3-9EA8-2A0271C560EF}.Debug|Win32.Build.0 = Debug|Win32
		{A9DB3F79-519A-40A3-9EA8-2A0271C560EF}.Release|Win32.ActiveCfg = Release|Win32
		{A9DB3F79-519A-40A3-9EA8-2A0271C560EF}.Release|Win32.Build.0 = Release|Win32
		{83B51653-A82B-463C-8FB1-1A4DE55BD6B8}.Debug|Win32.ActiveCfg = Debug|Win32
		{83B51653-A82B-463C-8FB1-1A4DE55BD6B8}.Debug|Win32.Build.0 = Debug|Win32
		{83B51653-A82B-463C-8FB1-1A4DE55BD6B8}.Release|Win32.ActiveCfg = Release|Win32
		{83B51653-A82B-463C-8FB1-1A4DE55BD6B8}.Release|Win32.Build.0 = Release|Win32
		{032E02D8-0A53-44E5-A336-9AC4346D5087}.Debug|Win32.ActiveCfg = Debug|Win32
		{032E02D8-0A53-44E5-A336-9AC4346D5087}.Debug|Win32.Build.0 = Debug|Win32
		{032E02D8-0A53-44E5-A336-9AC4346D5087}.Release|Win32.ActiveCfg = Release|Win32
		{032E02D8-0A53-44E5-A336-9AC4346D5087}.Release|Win32.Build.0 = Release|Win32
		{77F6571F-FB55-415A-AB80-0778D8C6B9CD}.Debug|Win32.ActiveCfg = Debug|Win32
		{77F6571F-FB55-415A-AB80-0778D8C6B9CD}.Debug|Win32.Build.0 = Debug|Win32
		{77F6571F-FB55-415A-AB80-0778D8C6B9CD}.Release|Win32.ActiveCfg = Release|Win32
		{77F6571F-FB55-415A-AB80-0778D8C6B9CD}.Release|Win32.Build.0 = Release|Win32
		{A9AA054E-BF94-493A-9008-916A1E5C4456}.Debug|Win32.ActiveCfg = Debug|Win32
		{A9AA054E-BF94-493A-9008-916A1E5C4456}.Debug|Win32.Build.0 = Debug|Win32
		{A9AA054E-BF94-493A-9008-916A1E5C4456}.Release|Win32.ActiveCfg = Release|Win32
		{A9AA054E-BF94-493A-9008-916A1E5C4456}.Release|Win32.Build.0 = Release|Win32
		{6F0E6C1D-342F-440A-A50A-2A4E46854E37}.Debug|Win32.ActiveCfg = Debug|Win32
		{6F0E6C1D-342F-440A-A50A-2A4E46854E37}.Debug|Win32.Build.0 = Debug|Win32
		{6F0E6C1D-342F-440A-A50A-2A4E46854E37}.Release|Win32.ActiveCfg = Release|Win32
		{6F0E6C1D-342F-440A-A50A-2A4E46854E37}.Release|Win32.Build.0 = Release|Win32
		{3D43A531-83BF-4F46-83BE-9C477D47BEFE}.Debug|Win32.ActiveCfg = Debug|Win32
		{3D43A531-83BF-4F46-83BE-9C477D47BEFE}.Debug|Win32.Build.0 = Debug|Win32
		{3D43A531-83BF-4F46-83BE-9C477D47BEFE}.Release|Win32.ActiveCfg = Release|Win32
		{3D43A531-83BF-4F46-83BE-9C477D47BEFE}.Release|Win32.Build.0 = Release|Win32
		{4078F59C-5F5D-4DE9-9186-3A3C59F0344D}.Debug|Win32.ActiveCfg = Debug|Win32
		{4078F59C-5F5D-4DE9-9186-3A3C59F0344D}.Debug|Win32.Build.0 = Debug|Win32
		{4078F59C-5F5D-4DE9-9186-3A3C59F0344D}.Release|Win32.ActiveCfg = Release|Win32
		{4078F59C-5F5D-4DE9-9186-3A3C59F0344D}.Release|Win32.Build.0 = Release|Win32
		{98D7C288-401D-4A3B-884C-9871CD723DC0}.Debug|Win32.ActiveCfg = Debug|Win32
		{98D7C288-401D-4A3B-884C-9871CD723DC0}.Debug|Win32.Build.0 = Debug|Win32
		{98D7C288-401D-4A3B-884C-9871CD723DC0}.Release|Win32.ActiveCfg = Release|Win32
		{98D7C288-401D-4A3B-884C-9871CD723DC0}.Release|Win32.Build.0 = Release|Win32
		{F8CFF05F-BA7A-4D1B-A299-CE2BD2254260}.Debug|Win32.ActiveCfg = Debug|Win32
		{F8CFF05F-BA7A-4D1B-A299-CE2BD2254260}.Debug|Win32.Build.0 = Debug|Win32
		{F8CFF05F-BA7A-4D1B-A299-CE2BD2254260}.Release|Win32.ActiveCfg = Release|Win32
		{F8CFF05F-BA7A-4D1B-A299-CE2BD2254260}.Release|Win32.Build.0 = Release|Win32
		{E51BCA8C-67CB-45D0-8C14-4BBB7E14FA18}.Debug|Win32.ActiveCfg = Debug|Win32
		{E51BCA8C-67CB-45D0-8C14-4BBB7E14FA18}.Debug|Win32.Build.0 = Debug|Win32
		{E51BCA8C-67CB-45D0-8C14-4BBB7E14FA18}.Release|Win32.ActiveCfg = Release|Win32
		{E51BCA8C-67CB-45D0-8C14-4BBB7E14FA18}.Release|Win32.Build.0 = Release|Win32
		{5A9C8651-57F4-4922-B79B-95D879653FB1}.Debug|Win32.ActiveCfg = Debug|Win32
		{5A9C8651-57F4-4922-B79B-95D879653FB1}.Debug|Win32.Build.0 = Debug|Win32
		{5A9C8651-57F4-4922-B79B-95D879653FB1}.Release|Win32.ActiveCfg = Release|Win32
		{5A9C8651-57F4-4922-B79B-95D879653FB1}.Release|Win32.Build.0 = Release|Win32
		{3F0717F6-29B5-4AF4-9830-A91DD08080A8}.Debug|Win32.ActiveCfg = Debug|Win32
		{3F0717F6-29B5-4AF4-9830-A91DD08080A8}.Debug|Win32.Build.0 = Debug|Win32
		{3F0717F6-29B5-4AF4-9830-A91DD08080A8}.Release|Win32.ActiveCfg = Release|Win32
		{3F0717F6-29B5-4AF4-9830-A91DD08080A8}.Release|Win32.Build.0 = Release|Win32
		{9835AD7E-104E-4FBA-88FA-E00B38C7FF42}.Debug|Win32.ActiveCfg = Debug|Win32
		{9835AD7E-104E-4FBA-88FA-E00B38C7FF42}.Debug|Win32.Build.0 = Debug|Win32
		{9835AD7E-104E-4FBA-88FA-E00B38C7FF42}.Release|Win32.ActiveCfg = Release|Win32
		{9835AD7E-104E-4FBA-88FA-E00B38C7FF42}.Release|Win32.Build.0 = Release|Win32
		{C47FB05B-787B-4A6E-A086-FC2C774F3E66}.Debug|Win32.ActiveCfg = Debug|Win32
		{C47FB05B-787B-4A6E-A086-FC2C774F3E66}.Debug|Win32.Build.0 = Debug|Win32
		{C47FB05B-787B-4A6E-A086-FC2C774F3E66}.Release|Win32.ActiveCfg = Release|Win32
		{C47FB05B-787B-4A6E-A086-FC2C774F3E66}.Release|Win32.Build.0 = Release|Win32
		{049EA676-F4C7-49CA-8C9F-4CA8A4EAE0ED}.Debug|Win32.ActiveCfg = Debug|Win32
		{049EA676-F4C7-49CA-8C9F-4CA8A4EAE0ED}.Debug|Win32.Build.0 = Debug|Win32
		{049EA676-F4C7-49CA-8C9F-4CA8A4EAE0ED}.Release|Win32.ActiveCfg = Release|Win32
		{049EA676-F4C7-49CA-8C9F-4CA8A4EAE0ED}.Release|Win32.Build.0 = Release|Win32
		{6BAFC854-342A-4877-87C4-86CBD0E544AD}.Debug|Win32.ActiveCfg = Debug|Win32
		{6BAFC854-342A-4877-87C4-86CBD0E544AD}.Debug|Win32.Build.0 = Debug|Win32
		{6BAFC854-342A-4877-87C4-86CBD0E544AD}.Release|Win32.ActiveCfg = Release|Win32
		{6BAFC854-342A-4877-87C4-86CBD0E544AD}.Release|Win32.Build.0 = Release|Win32
	EndGlobalSection
	GlobalSection(SolutionProperties) = preSolution
		HideSolutionNode = FALSE
	EndGlobalSection
	GlobalSection(NestedProjects) = preSolution
		{B395C0A3-9A9C-4FEB-B626-D18C2F67729F} = {6E2B00BA-D81E-498E-A917-C3EF2239441E}
		{9DE40B75-8D72-4927-BECE-F5CD4E1109C0} = {6E2B00BA-D81E-498E-A917-C3EF2239441E}
		{DBC8BA7C-FD32-4CC9-9BE4-6D67CB755087} = {6E2B00BA-D81E-498E-A917-C3EF2239441E}
		{CFB0C742-B278-4937-A9CF-9F09429F0F0A} = {DBC8BA7C-FD32-4CC9-9BE4-6D67CB755087}
		{ECC50B4F-9C1D-4878-B090-BC4EA47EDDAF} = {DBC8BA7C-FD32-4CC9-9BE4-6D67CB755087}
		{51170CBC-877C-4148-A535-0D3CFC647F85} = {DBC8BA7C-FD32-4CC9-9BE4-6D67CB755087}
		{5D150A1C-4429-4A1E-89DC-9DA666E76DCF} = {DBC8BA7C-FD32-4CC9-9BE4-6D67CB755087}
		{9879192C-8001-4755-971F-24084CFDBADD} = {DBC8BA7C-FD32-4CC9-9BE4-6D67CB755087}
		{7DDE5E43-B11F-4DC0-AE2D-7D72B283C9C3} = {DBC8BA7C-FD32-4CC9-9BE4-6D67CB755087}
		{ED9C35EF-6189-4847-AF8F-67D8123ACFF5} = {DBC8BA7C-FD32-4CC9-9BE4-6D67CB755087}
		{A9DB3F79-519A-40A3-9EA8-2A0271C560EF} = {DBC8BA7C-FD32-4CC9-9BE4-6D67CB755087}
		{83B51653-A82B-463C-8FB1-1A4DE55BD6B8} = {DBC8BA7C-FD32-4CC9-9BE4-6D67CB755087}
		{032E02D8-0A53-44E5-A336-9AC4346D5087} = {DBC8BA7C-FD32-4CC9-9BE4-6D67CB755087}
		{77F6571F-FB55-415A-AB80-0778D8C6B9CD} = {DBC8BA7C-FD32-4CC9-9BE4-6D67CB755087}
		{A9AA054E-BF94-493A-9008-916A1E5C4456} = {DBC8BA7C-FD32-4CC9-9BE4-6D67CB755087}
		{7AAF4B8E-42A1-4282-BF4D-997EA6B8EF1D} = {6E2B00BA-D81E-498E-A917-C3EF2239441E}
		{6F0E6C1D-342F-440A-A50A-2A4E46854E37} = {7AAF4B8E-42A1-4282-BF4D-997EA6B8EF1D}
		{3D43A531-83BF-4F46-83BE-9C477D47BEFE} = {7AAF4B8E-42A1-4282-BF4D-997EA6B8EF1D}
		{4078F59C-5F5D-4DE9-9186-3A3C59F0344D} = {DBC8BA7C-FD32-4CC9-9BE4-6D67CB755087}
		{F8CFF05F-BA7A-4D1B-A299-CE2BD2254260} = {DBC8BA7C-FD32-4CC9-9BE4-6D67CB755087}
		{980CE8D2-6569-4335-A207-E486A10194B5} = {6E2B00BA-D81E-498E-A917-C3EF2239441E}
		{E51BCA8C-67CB-45D0-8C14-4BBB7E14FA18} = {980CE8D2-6569-4335-A207-E486A10194B5}
		{5A9C8651-57F4-4922-B79B-95D879653FB1} = {7AAF4B8E-42A1-4282-BF4D-997EA6B8EF1D}
		{3F0717F6-29B5-4AF4-9830-A91DD08080A8} = {980CE8D2-6569-4335-A207-E486A10194B5}
		{9835AD7E-104E-4FBA-88FA-E00B38C7FF42} = {980CE8D2-6569-4335-A207-E486A10194B5}
		{8280A4A0-FD79-483E-AC53-C49166F6B18C} = {6E2B00BA-D81E-498E-A917-C3EF2239441E}
		{C47FB05B-787B-4A6E-A086-FC2C774F3E66} = {8280A4A0-FD79-483E-AC53-C49166F6B18C}
		{DC74C97C-A8F9-463C-8701-1B3FE5D891CF} = {6E2B00BA-D81E-498E-A917-C3EF2239441E}
		{049EA676-F4C7-49CA-8C9F-4CA8A4EAE0ED} = {DC74C97C-A8F9-463C-8701-1B3FE5D891CF}
		{7FA78816-8FF7-4CAE-85FF-1156D16BE0BC} = {6E2B00BA-D81E-498E-A917-C3EF2239441E}
		{6BAFC854-342A-4877-87C4-86CBD0E544AD} = {7FA78816-8FF7-4CAE-85FF-1156D16BE0BC}
	EndGlobalSection
EndGlobal
